{
  "name": "@nice-digital/global-nav",
  "version": "5.0.0",
  "lockfileVersion": 1,
  "requires": true,
  "dependencies": {
    "@babel/runtime": {
      "version": "7.17.2",
      "resolved": "https://registry.npmjs.org/@babel/runtime/-/runtime-7.17.2.tgz",
      "integrity": "sha512-hzeyJyMA1YGdJTuWU0e/j4wKXrU4OMFvY2MSlaI9B7VQb0r5cxTE3EAIS2Q7Tn2RIcDkRvTA/v2JsAEhxe99uw==",
      "requires": {
        "regenerator-runtime": "^0.13.4"
      }
    },
    "@nice-digital/design-system": {
      "version": "3.0.9-alpha.0",
      "resolved": "https://registry.npmjs.org/@nice-digital/design-system/-/design-system-3.0.9-alpha.0.tgz",
      "integrity": "sha512-zcC0TDFsVabt7791qMtHL4AQhpeEIHIUCziHaFazj1L1MkBcOaWIIVAXORDYUCI87L5xS6L1hX9w0u5uv4BV8Q==",
      "requires": {
        "@nice-digital/icons": "^4.0.1-alpha.0",
        "@nice-digital/nds-a-z-list": "^2.0.8-alpha.0",
        "@nice-digital/nds-action-banner": "^2.0.8-alpha.0",
        "@nice-digital/nds-alert": "^2.0.8-alpha.0",
        "@nice-digital/nds-alphabet": "^1.0.8-alpha.0",
        "@nice-digital/nds-breadcrumbs": "^2.0.8-alpha.0",
        "@nice-digital/nds-button": "^2.0.8-alpha.0",
        "@nice-digital/nds-callout": "^2.0.8-alpha.0",
        "@nice-digital/nds-card": "^2.0.8-alpha.0",
        "@nice-digital/nds-checkbox": "^2.0.8-alpha.0",
        "@nice-digital/nds-column-list": "^2.0.9-alpha.0",
        "@nice-digital/nds-container": "^2.0.8-alpha.0",
        "@nice-digital/nds-core": "^2.0.8-alpha.0",
        "@nice-digital/nds-enhanced-pagination": "^2.0.8-alpha.0",
        "@nice-digital/nds-filters": "^3.0.8-alpha.0",
        "@nice-digital/nds-form-group": "^2.0.8-alpha.0",
        "@nice-digital/nds-forms": "^2.0.8-alpha.0",
        "@nice-digital/nds-full-bleed": "^2.0.8-alpha.0",
        "@nice-digital/nds-grid": "^2.0.8-alpha.0",
        "@nice-digital/nds-hero": "^2.0.8-alpha.0",
        "@nice-digital/nds-horizontal-nav": "^2.0.8-alpha.0",
        "@nice-digital/nds-in-page-nav": "^2.0.8-alpha.0",
        "@nice-digital/nds-input": "^2.0.8-alpha.0",
        "@nice-digital/nds-maintain-ratio": "^2.0.8-alpha.0",
        "@nice-digital/nds-page-header": "^2.0.8-alpha.0",
        "@nice-digital/nds-panel": "^2.0.8-alpha.0",
        "@nice-digital/nds-phase-banner": "^2.0.8-alpha.0",
        "@nice-digital/nds-prev-next": "^2.0.8-alpha.0",
        "@nice-digital/nds-radio": "^2.0.8-alpha.0",
        "@nice-digital/nds-simple-pagination": "^2.0.8-alpha.0",
        "@nice-digital/nds-stacked-nav": "^2.0.8-alpha.0",
        "@nice-digital/nds-table": "^2.0.8-alpha.0",
        "@nice-digital/nds-tabs": "^2.0.8-alpha.0",
        "@nice-digital/nds-tag": "^2.0.8-alpha.0",
        "@nice-digital/nds-textarea": "^2.0.8-alpha.0",
        "normalize.css": "8.0.1"
      }
    },
    "@nice-digital/icons": {
      "version": "4.0.1-alpha.0",
      "resolved": "https://registry.npmjs.org/@nice-digital/icons/-/icons-4.0.1-alpha.0.tgz",
      "integrity": "sha512-8BJo7iDLaLdqdj1Peo7ZcDjsTPq3rU2/ogUa0MCYo/3LUqkmzkijlTKgbaE+ge1TDdu2datdaXMOcN/qF+UsTw=="
    },
    "@nice-digital/nds-a-z-list": {
      "version": "2.0.8-alpha.0",
      "resolved": "https://registry.npmjs.org/@nice-digital/nds-a-z-list/-/nds-a-z-list-2.0.8-alpha.0.tgz",
      "integrity": "sha512-3mlPf+fVygapV2MqREkmo5bZLvKoB3OHuIMtHWGLBM9uj4QgSBsYHHguViaGqoFfW94isUC6UjC06NDCzMcgog==",
      "requires": {
        "@nice-digital/nds-core": "^2.0.8-alpha.0",
        "prop-types": "^15.8.1"
      }
    },
    "@nice-digital/nds-action-banner": {
      "version": "2.0.8-alpha.0",
      "resolved": "https://registry.npmjs.org/@nice-digital/nds-action-banner/-/nds-action-banner-2.0.8-alpha.0.tgz",
      "integrity": "sha512-q0YgYzuPRvO1ISvK92fCC7pwvIaopJjCo4vXt/gO6WenDsEYpisgV0n2zi5DKlyLjn7KDwiSw18hmClVUvUDZQ==",
      "requires": {
        "@nice-digital/icons": "^4.0.1-alpha.0",
        "@nice-digital/nds-core": "^2.0.8-alpha.0",
        "classnames": "^2.3.1",
        "prop-types": "^15.7.2"
      }
    },
    "@nice-digital/nds-alert": {
      "version": "2.0.8-alpha.0",
      "resolved": "https://registry.npmjs.org/@nice-digital/nds-alert/-/nds-alert-2.0.8-alpha.0.tgz",
      "integrity": "sha512-F1qDKpMxUqxWOku9eRzA625V2CDgaS7fFKhWFTxGo8BiDMUsKCC7UfN7WFxiObmq9knsBQ3lMdQ+jGez8af/Fg==",
      "requires": {
        "@nice-digital/nds-core": "^2.0.8-alpha.0",
        "classnames": "^2.2.6",
        "prop-types": "^15.7.2"
      }
    },
    "@nice-digital/nds-alphabet": {
      "version": "1.0.8-alpha.0",
      "resolved": "https://registry.npmjs.org/@nice-digital/nds-alphabet/-/nds-alphabet-1.0.8-alpha.0.tgz",
      "integrity": "sha512-2r+T0dDERzE01QxwSS5JmcU9Cjnka5fpvsBHACT8znz1oqAhrfxAH4rmx1pxd19+RpiEoNPLOY6APhzfzFWNlQ==",
      "requires": {
        "@nice-digital/nds-core": "^2.0.8-alpha.0",
        "prop-types": "^15.8.1"
      }
    },
    "@nice-digital/nds-breadcrumbs": {
      "version": "2.0.8-alpha.0",
      "resolved": "https://registry.npmjs.org/@nice-digital/nds-breadcrumbs/-/nds-breadcrumbs-2.0.8-alpha.0.tgz",
      "integrity": "sha512-MYvcNTkq/RpxY1/POLwlx+a+QqyynE418PR8wHpzrBRQYZMcUSvsxAdpXrA4m/BH5amgHWQSgYYvABMHtpvphw==",
      "requires": {
        "@nice-digital/nds-core": "^2.0.8-alpha.0",
        "classnames": "^2.3.1",
        "prop-types": "^15.7.2"
      }
    },
    "@nice-digital/nds-button": {
      "version": "2.0.8-alpha.0",
      "resolved": "https://registry.npmjs.org/@nice-digital/nds-button/-/nds-button-2.0.8-alpha.0.tgz",
      "integrity": "sha512-jJR4EhoDx0DJeMR888ZnU1VspvDOfH500hYNlA9/7hu13x7n+wqTRlYs2tgL3dyT280naTC7ZxeimdMyQCn0oQ==",
      "requires": {
        "@nice-digital/nds-core": "^2.0.8-alpha.0",
        "classnames": "^2.2.6",
        "prop-types": "^15.7.2"
      }
    },
    "@nice-digital/nds-callout": {
      "version": "2.0.8-alpha.0",
      "resolved": "https://registry.npmjs.org/@nice-digital/nds-callout/-/nds-callout-2.0.8-alpha.0.tgz",
      "integrity": "sha512-lNF0optOUbp0Oy1GoVMogqjV+GaQYRsn9CqxHsA8zyfciwh75er9KgtwM8jQeJy7FIJvtrUfDyIfq+ooYJdq/w==",
      "requires": {
        "@nice-digital/nds-core": "^2.0.8-alpha.0",
        "@nice-digital/nds-maintain-ratio": "^2.0.8-alpha.0",
        "classnames": "^2.2.6",
        "prop-types": "^15.7.2"
      }
    },
    "@nice-digital/nds-card": {
      "version": "2.0.8-alpha.0",
      "resolved": "https://registry.npmjs.org/@nice-digital/nds-card/-/nds-card-2.0.8-alpha.0.tgz",
      "integrity": "sha512-AlMiD0900yBL56z6RaWen85L0lDB8miXE/z19JobqMOiLRYqQMOUHgDvoQsL8AXlCVc9PQ4YjX1gfIQu6wtvLg==",
      "requires": {
        "@nice-digital/nds-core": "^2.0.8-alpha.0",
        "classnames": "^2.2.6",
        "prop-types": "^15.7.2"
      }
    },
    "@nice-digital/nds-checkbox": {
      "version": "2.0.8-alpha.0",
      "resolved": "https://registry.npmjs.org/@nice-digital/nds-checkbox/-/nds-checkbox-2.0.8-alpha.0.tgz",
      "integrity": "sha512-KBGY2R7AkgerJRiDsJ7brQs/oSq5Y+Z4M1o8PCTBOla7wMQku31oyeYHiOqtBqaCUaLUj/Bcj74/+/TgGb3Jig==",
      "requires": {
        "@nice-digital/nds-core": "^2.0.8-alpha.0",
        "classnames": "^2.2.6",
        "prop-types": "^15.7.2"
      }
    },
    "@nice-digital/nds-column-list": {
      "version": "2.0.9-alpha.0",
      "resolved": "https://registry.npmjs.org/@nice-digital/nds-column-list/-/nds-column-list-2.0.9-alpha.0.tgz",
      "integrity": "sha512-vbf7O0acIFUdZ4Ah3LdQ9v6BLhWwt3bdNU9PI0mLgbFdi1nahVSJSfoRIrhvLi1TopiaXCqkDqptH1io+mskaA==",
      "requires": {
        "@nice-digital/nds-core": "^2.0.8-alpha.0",
        "prop-types": "^15.8.1"
      }
    },
    "@nice-digital/nds-container": {
      "version": "2.0.8-alpha.0",
      "resolved": "https://registry.npmjs.org/@nice-digital/nds-container/-/nds-container-2.0.8-alpha.0.tgz",
      "integrity": "sha512-zf4oqhsJKq84fGUtEulIDOZ6/YfJzsOynVo1ZeP+ukMNeZy3yPmRYTR98akOz9aXrj+T71E7gpjC+4/tG1m/pg==",
      "requires": {
        "@nice-digital/nds-core": "^2.0.8-alpha.0",
        "classnames": "^2.2.6",
        "prop-types": "^15.7.2"
      }
    },
    "@nice-digital/nds-core": {
      "version": "2.0.8-alpha.0",
      "resolved": "https://registry.npmjs.org/@nice-digital/nds-core/-/nds-core-2.0.8-alpha.0.tgz",
      "integrity": "sha512-jY6yhAS+QWyac9+0B57VxDMuHZ4vAqPdQ6abV599KoERS0CeE25/7biVRHl03kdGksT/Dhdf04dsgkBMk8O9Rg==",
      "requires": {
        "@nice-digital/icons": "^4.0.1-alpha.0",
        "prop-types": "^15.7.2",
        "sass-mq": "^6.0.0"
      }
    },
    "@nice-digital/nds-enhanced-pagination": {
      "version": "2.0.8-alpha.0",
      "resolved": "https://registry.npmjs.org/@nice-digital/nds-enhanced-pagination/-/nds-enhanced-pagination-2.0.8-alpha.0.tgz",
      "integrity": "sha512-H9SqBrDE83H9g1QXKse2wNmzKIqH62jv4oS0WkzgwHgHgKV7y7uEwSzScfMUYExJNTkJIaftJjDhqD8NHgLarQ==",
      "requires": {
        "@nice-digital/nds-core": "^2.0.8-alpha.0",
        "classnames": "^2.2.6",
        "prop-types": "^15.7.2"
      }
    },
    "@nice-digital/nds-filters": {
      "version": "3.0.8-alpha.0",
      "resolved": "https://registry.npmjs.org/@nice-digital/nds-filters/-/nds-filters-3.0.8-alpha.0.tgz",
      "integrity": "sha512-TwaURZUZCJWC3cHwJlV5TAZV1WKuthl8fF5notiAzbx+CgbIjMcKDKWJFl1LDMFzvwY3SOiUNetUzEEmy+PQHw==",
      "requires": {
        "@nice-digital/icons": "^4.0.1-alpha.0",
        "@nice-digital/nds-button": "^2.0.8-alpha.0",
        "@nice-digital/nds-core": "^2.0.8-alpha.0",
        "@nice-digital/nds-input": "^2.0.8-alpha.0",
        "@nice-digital/nds-tag": "^2.0.8-alpha.0",
        "classnames": "^2.3.1",
        "prop-types": "^15.7.2"
      }
    },
    "@nice-digital/nds-form-group": {
      "version": "2.0.8-alpha.0",
      "resolved": "https://registry.npmjs.org/@nice-digital/nds-form-group/-/nds-form-group-2.0.8-alpha.0.tgz",
      "integrity": "sha512-szNdf98p9CrOI42EKwzbQ0F8dEk+2AQa6Lwbx+q2Wq5zyWPdVdvesb92eBwx2NiJnwtBeIOB8ekTcXUXZl56BA==",
      "requires": {
        "@nice-digital/nds-core": "^2.0.8-alpha.0",
        "@nice-digital/nds-forms": "^2.0.8-alpha.0",
        "classnames": "^2.2.6",
        "prop-types": "^15.7.2"
      }
    },
    "@nice-digital/nds-forms": {
      "version": "2.0.8-alpha.0",
      "resolved": "https://registry.npmjs.org/@nice-digital/nds-forms/-/nds-forms-2.0.8-alpha.0.tgz",
      "integrity": "sha512-UtZVbsSme96HAKspqsmv0lpex4b703rLMXqzdZHeV2uQc2xKDrT0P6gX+w/PJeXUPuboh1CRyE4ml7g9ww1KjA==",
      "requires": {
        "@nice-digital/nds-input": "^2.0.8-alpha.0",
        "@nice-digital/nds-textarea": "^2.0.8-alpha.0"
      }
    },
    "@nice-digital/nds-full-bleed": {
      "version": "2.0.8-alpha.0",
      "resolved": "https://registry.npmjs.org/@nice-digital/nds-full-bleed/-/nds-full-bleed-2.0.8-alpha.0.tgz",
      "integrity": "sha512-Fpy6RSwwTIo6D67nMHsoyJaS5WlZWWKL7AlpWjkbLT1oMhjCiGZks0TtOFaHK/N3POl+NGc1g+SNnFi8CvYhTg==",
      "requires": {
        "@nice-digital/nds-core": "^2.0.8-alpha.0",
        "classnames": "^2.2.6",
        "prop-types": "^15.7.2"
      }
    },
    "@nice-digital/nds-grid": {
      "version": "2.0.8-alpha.0",
      "resolved": "https://registry.npmjs.org/@nice-digital/nds-grid/-/nds-grid-2.0.8-alpha.0.tgz",
      "integrity": "sha512-9XgktHok+ccuGl/bEHoL4xvAafpfyU3TEiKy4Slu0ysJKHOCIdauAs0pts5DN24dIHjOXpiWJWt80RMLmHKkAw==",
      "requires": {
        "@nice-digital/nds-core": "^2.0.8-alpha.0",
        "classnames": "^2.2.6",
        "prop-types": "^15.7.2"
      }
    },
    "@nice-digital/nds-hero": {
      "version": "2.0.8-alpha.0",
      "resolved": "https://registry.npmjs.org/@nice-digital/nds-hero/-/nds-hero-2.0.8-alpha.0.tgz",
      "integrity": "sha512-kVH9sD9DESY7HHgr3E5tH2xv4ZmBobKKlQ7+s2U1eWD9AEFAIhiMiPlro34uG25/Bl+4/SXz/+NjLsOLZDwDLg==",
      "requires": {
        "@nice-digital/nds-core": "^2.0.8-alpha.0",
        "classnames": "^2.3.1",
        "prop-types": "^15.7.2"
      }
    },
    "@nice-digital/nds-horizontal-nav": {
      "version": "2.0.8-alpha.0",
      "resolved": "https://registry.npmjs.org/@nice-digital/nds-horizontal-nav/-/nds-horizontal-nav-2.0.8-alpha.0.tgz",
      "integrity": "sha512-5nCX5eWKW5SIVtWbdUkRpFASYcZlNMGc4ZklSEcniY2j3yKh2dbh9sf3b/CgSDl685BYGYYlVOtnOpB2gdzqkg==",
      "requires": {
        "@nice-digital/nds-core": "^2.0.8-alpha.0",
        "classnames": "^2.2.6",
        "prop-types": "^15.7.2"
      }
    },
    "@nice-digital/nds-in-page-nav": {
      "version": "2.0.8-alpha.0",
      "resolved": "https://registry.npmjs.org/@nice-digital/nds-in-page-nav/-/nds-in-page-nav-2.0.8-alpha.0.tgz",
      "integrity": "sha512-VazvgCWpSfPeP7SPWU1q22gx2kruDj0zPCCq2myG5+QunTN/hx3tQACOwOdBfgL7+btnxDLZnwJ0PG7W0FDMdg==",
      "requires": {
        "@nice-digital/nds-core": "^2.0.8-alpha.0",
        "lodash.throttle": "^4.1.1",
        "prop-types": "^15.7.2",
        "slugify": "1.4.7"
      }
    },
    "@nice-digital/nds-input": {
      "version": "2.0.8-alpha.0",
      "resolved": "https://registry.npmjs.org/@nice-digital/nds-input/-/nds-input-2.0.8-alpha.0.tgz",
      "integrity": "sha512-xxexG+I0KlfHwXx93xarimiyCVwiLU8pYsv/OdxJcB6XlFYOajz14Ip0snc6+Im+f0zLOZwW09WVk4eeYD8YWg==",
      "requires": {
        "@nice-digital/nds-core": "^2.0.8-alpha.0",
        "classnames": "^2.2.6",
        "prop-types": "^15.7.2"
      }
    },
    "@nice-digital/nds-maintain-ratio": {
      "version": "2.0.8-alpha.0",
      "resolved": "https://registry.npmjs.org/@nice-digital/nds-maintain-ratio/-/nds-maintain-ratio-2.0.8-alpha.0.tgz",
      "integrity": "sha512-f+NMRhW0PvHJN/f+Hb9tNj4JSrJEHTs1vu9LTfJeDH+UcPYqX4Qvca5ikbC+pIq3XGG7FfgsfEbeK6HPU6S5jA==",
      "requires": {
        "@nice-digital/nds-core": "^2.0.8-alpha.0",
        "classnames": "^2.3.1",
        "prop-types": "^15.7.2"
      }
    },
    "@nice-digital/nds-page-header": {
      "version": "2.0.8-alpha.0",
      "resolved": "https://registry.npmjs.org/@nice-digital/nds-page-header/-/nds-page-header-2.0.8-alpha.0.tgz",
      "integrity": "sha512-POf5SRH3dGFAjL2kyI/RC1SKrbNWl5G5wQEZRsg7vC540Soz60ytPc1gBzNWStPfEzxEx/1pGOaOZMTlogrqxw==",
      "requires": {
        "@nice-digital/nds-core": "^2.0.8-alpha.0",
        "prop-types": "^15.7.2"
      }
    },
    "@nice-digital/nds-panel": {
      "version": "2.0.8-alpha.0",
      "resolved": "https://registry.npmjs.org/@nice-digital/nds-panel/-/nds-panel-2.0.8-alpha.0.tgz",
      "integrity": "sha512-4ZtOa/hisnidOIhIeThFPvB/XhHKsESK4UpSz6muL1MhPLCcSD/m3btXz3HIHkakkHcOcuh945NXag483+B5rw==",
      "requires": {
        "@nice-digital/nds-core": "^2.0.8-alpha.0",
        "classnames": "^2.2.6",
        "prop-types": "^15.7.2"
      }
    },
    "@nice-digital/nds-phase-banner": {
      "version": "2.0.8-alpha.0",
      "resolved": "https://registry.npmjs.org/@nice-digital/nds-phase-banner/-/nds-phase-banner-2.0.8-alpha.0.tgz",
      "integrity": "sha512-vmBC8i+Bmk1MBB3yI6cWTbBMu4s62BLA+eQs3z8fZkKzeUk/HoDpaQVH5UjV43LZ06RD4mrEcpZciCROp9/kig==",
      "requires": {
        "@nice-digital/nds-core": "^2.0.8-alpha.0",
        "@nice-digital/nds-tag": "^2.0.8-alpha.0",
        "classnames": "^2.3.1",
        "prop-types": "^15.7.2"
      }
    },
    "@nice-digital/nds-prev-next": {
      "version": "2.0.8-alpha.0",
      "resolved": "https://registry.npmjs.org/@nice-digital/nds-prev-next/-/nds-prev-next-2.0.8-alpha.0.tgz",
      "integrity": "sha512-dQbXvAJL5t5BmMuBC+91iBhvtPpb9DSuDx75Qd5N3879B+F2bMw2HueTL0pYaYDFTVFqgRTLIdUEwjQM/ZlG+A==",
      "requires": {
        "@nice-digital/nds-core": "^2.0.8-alpha.0",
        "classnames": "^2.2.6",
        "prop-types": "^15.7.2"
      }
    },
    "@nice-digital/nds-radio": {
      "version": "2.0.8-alpha.0",
      "resolved": "https://registry.npmjs.org/@nice-digital/nds-radio/-/nds-radio-2.0.8-alpha.0.tgz",
      "integrity": "sha512-hpAdWYRB6nvSspbF7qwZTvoHlc1aWP63tMs3YqrQ8y5Mgeq8+NDL5sDPOPbpr/NWxomwJWvfLuHgMK6SWhRg3A==",
      "requires": {
        "@nice-digital/nds-core": "^2.0.8-alpha.0",
        "classnames": "^2.2.6",
        "prop-types": "^15.7.2"
      }
    },
    "@nice-digital/nds-simple-pagination": {
      "version": "2.0.8-alpha.0",
      "resolved": "https://registry.npmjs.org/@nice-digital/nds-simple-pagination/-/nds-simple-pagination-2.0.8-alpha.0.tgz",
      "integrity": "sha512-FfH/5WArKnkyf8bPm0H7ZBhuKEnr2QRPmXU/sPDqM8ZhX3nhVU8ChxVgE1O5gzCOS8h2VtH77Xq6Sacf0b4Kmg==",
      "requires": {
        "@nice-digital/nds-core": "^2.0.8-alpha.0",
        "classnames": "^2.2.6",
        "prop-types": "^15.7.2"
      }
    },
    "@nice-digital/nds-stacked-nav": {
      "version": "2.0.8-alpha.0",
      "resolved": "https://registry.npmjs.org/@nice-digital/nds-stacked-nav/-/nds-stacked-nav-2.0.8-alpha.0.tgz",
      "integrity": "sha512-Ga02DQHW+HLl9wHaYW4sHiUz7O8irvYA6XYV8GtwBZ/0sfNwBFZfZAjMMLVeH5he269pG4HG6sHC5MeryJfGmQ==",
      "requires": {
        "@nice-digital/nds-core": "^2.0.8-alpha.0",
        "classnames": "^2.2.6",
        "prop-types": "^15.7.2"
      }
    },
    "@nice-digital/nds-table": {
      "version": "2.0.8-alpha.0",
      "resolved": "https://registry.npmjs.org/@nice-digital/nds-table/-/nds-table-2.0.8-alpha.0.tgz",
      "integrity": "sha512-a/YmEPXaF8g8cCT83NNnZCSMNC4TvcYoE2Q5YwpOqgpeKrkZMAq6pgLn8mfVqsUAV/f5Zq67Jbn+mm3MCpS4Sg==",
      "requires": {
        "@nice-digital/nds-core": "^2.0.8-alpha.0",
        "classnames": "^2.3.1",
        "prop-types": "^15.7.2"
      }
    },
    "@nice-digital/nds-tabs": {
      "version": "2.0.8-alpha.0",
      "resolved": "https://registry.npmjs.org/@nice-digital/nds-tabs/-/nds-tabs-2.0.8-alpha.0.tgz",
      "integrity": "sha512-0kxuTfGG20btzo2/JwMTyXYvvNELwCAN/Rygfc1JTc8lSj9jA5LgCuRE52lrhaR4Iv0cxaGQkOSSQUQa09o34g==",
      "requires": {
        "@nice-digital/nds-core": "^2.0.8-alpha.0",
        "classnames": "^2.3.1",
        "prop-types": "^15.7.2"
      }
    },
    "@nice-digital/nds-tag": {
      "version": "2.0.8-alpha.0",
      "resolved": "https://registry.npmjs.org/@nice-digital/nds-tag/-/nds-tag-2.0.8-alpha.0.tgz",
      "integrity": "sha512-bKUb+0rEC+ELwViLc+eTwTENlI8AARzgTerGPa5U6UxctSqwfXpvufrEkxq8E4R3TE/JI5NO65/OJgr+IIJFuA==",
      "requires": {
        "@nice-digital/nds-core": "^2.0.8-alpha.0",
        "classnames": "^2.2.6",
        "prop-types": "^15.7.2"
      }
    },
    "@nice-digital/nds-textarea": {
      "version": "2.0.8-alpha.0",
      "resolved": "https://registry.npmjs.org/@nice-digital/nds-textarea/-/nds-textarea-2.0.8-alpha.0.tgz",
      "integrity": "sha512-6auPz2FarcrztdFVahfn9aEKeoqZ7DM506fnJDcw3nHHZ0l7RkUGCS1/BJkFaoLL9ko2cvKpa/N/KQcyNLsGrA==",
      "requires": {
        "@nice-digital/nds-core": "^2.0.8-alpha.0",
        "classnames": "^2.2.6",
        "prop-types": "^15.7.2"
      }
    },
    "@use-it/event-listener": {
      "version": "0.1.7",
      "resolved": "https://registry.npmjs.org/@use-it/event-listener/-/event-listener-0.1.7.tgz",
      "integrity": "sha512-hgfExDzUU9uTRTPDCpw2s9jWTxcxmpJya3fK5ADpf5VDpSy8WYwY/kh28XE0tUcbsljeP8wfan48QvAQTSSa3Q=="
    },
    "accessible-autocomplete": {
      "version": "2.0.4",
      "resolved": "https://registry.npmjs.org/accessible-autocomplete/-/accessible-autocomplete-2.0.4.tgz",
      "integrity": "sha512-2p0txrSpvs5wXFUeQJHMheDPTZVSEmiUHWlEPb7vJnv2Dd1xPfoLnBQQMfNbTSit2pL/9sSQYESuD2Yyohd4Yw==",
      "requires": {
        "preact": "^8.3.1"
      }
    },
    "classnames": {
      "version": "2.3.1",
      "resolved": "https://registry.npmjs.org/classnames/-/classnames-2.3.1.tgz",
      "integrity": "sha512-OlQdbZ7gLfGarSqxesMesDa5uz7KFbID8Kpq/SxIoNGDqY8lSYs0D+hhtBXhcdB3rcbXArFr7vlHheLk1voeNA=="
    },
    "es5-polyfill": {
      "version": "0.0.6",
      "resolved": "https://registry.npmjs.org/es5-polyfill/-/es5-polyfill-0.0.6.tgz",
      "integrity": "sha512-u6Een5n6esxwlMVBsF6qUkgp5Mj5VSA9D7Qs0GfC3ey412FGmQNFhjjuTMbzgepKZSHDKisr24A9t/GOwHC7/g=="
    },
    "focus-trap": {
      "version": "6.7.3",
      "resolved": "https://registry.npmjs.org/focus-trap/-/focus-trap-6.7.3.tgz",
      "integrity": "sha512-8xCEKndV4KrseGhFKKKmczVA14yx1/hnmFICPOjcFjToxCJYj/NHH43tPc3YE/PLnLRNZoFug0EcWkGQde/miQ==",
      "requires": {
        "tabbable": "^5.2.1"
      }
    },
    "focus-trap-react": {
      "version": "8.9.2",
      "resolved": "https://registry.npmjs.org/focus-trap-react/-/focus-trap-react-8.9.2.tgz",
      "integrity": "sha512-m6TQQHLcqkisc6Qq92q1yYzzOaxo34Szh5FQOXzky7028PXFEhuUxScTbT7EG9qL0QG7B+oR2ZbxyU0lK4kIwQ==",
      "requires": {
        "focus-trap": "^6.7.3"
      }
    },
    "js-cookie": {
      "version": "2.2.1",
      "resolved": "https://registry.npmjs.org/js-cookie/-/js-cookie-2.2.1.tgz",
      "integrity": "sha512-HvdH2LzI/EAZcUwA8+0nKNtWHqS+ZmijLA30RwZA0bo7ToCckjK5MkGhjED9KoRcXO6BaGI3I9UIzSA1FKFPOQ=="
    },
    "js-tokens": {
      "version": "4.0.0",
      "resolved": "https://registry.npmjs.org/js-tokens/-/js-tokens-4.0.0.tgz",
      "integrity": "sha512-RdJUflcE3cUzKiMqQgsCu06FPu9UdIJO0beYbPhHN4k6apgJtifcoCtT9bcxOpYBtpD2kCM6Sbzg4CausW/PKQ=="
    },
    "lodash.throttle": {
      "version": "4.1.1",
      "resolved": "https://registry.npmjs.org/lodash.throttle/-/lodash.throttle-4.1.1.tgz",
      "integrity": "sha512-wIkUCfVKpVsWo3JSZlc+8MB5it+2AN5W8J7YVMST30UrvcQNZ1Okbj+rbVniijTWE6FGYy4XJq/rHkas8qJMLQ=="
    },
    "loose-envify": {
      "version": "1.4.0",
      "resolved": "https://registry.npmjs.org/loose-envify/-/loose-envify-1.4.0.tgz",
      "integrity": "sha512-lyuxPGr/Wfhrlem2CL/UcnUc1zcqKAImBDzukY7Y5F/yQiNdko6+fRLevlw1HgMySw7f611UIY408EtxRSoK3Q==",
      "requires": {
        "js-tokens": "^3.0.0 || ^4.0.0"
      }
    },
    "normalize.css": {
      "version": "8.0.1",
      "resolved": "https://registry.npmjs.org/normalize.css/-/normalize.css-8.0.1.tgz",
      "integrity": "sha512-qizSNPO93t1YUuUhP22btGOo3chcvDFqFaj2TRybP0DMxkHOCTYwp3n34fel4a31ORXy4m1Xq0Gyqpb5m33qIg=="
    },
    "object-assign": {
      "version": "4.1.1",
      "resolved": "https://registry.npmjs.org/object-assign/-/object-assign-4.1.1.tgz",
      "integrity": "sha1-IQmtx5ZYh8/AXLvUQsrIv7s2CGM="
    },
    "preact": {
      "version": "8.5.3",
      "resolved": "https://registry.npmjs.org/preact/-/preact-8.5.3.tgz",
      "integrity": "sha512-O3kKP+1YdgqHOFsZF2a9JVdtqD+RPzCQc3rP+Ualf7V6rmRDchZ9MJbiGTT7LuyqFKZqlHSOyO/oMFmI2lVTsw=="
    },
    "prop-types": {
      "version": "15.8.1",
      "resolved": "https://registry.npmjs.org/prop-types/-/prop-types-15.8.1.tgz",
      "integrity": "sha512-oj87CgZICdulUohogVAR7AjlC0327U4el4L6eAvOqCeudMDVU0NThNaV+b9Df4dXgSP1gXMTnPdhfe/2qDH5cg==",
      "requires": {
        "loose-envify": "^1.4.0",
        "object-assign": "^4.1.1",
        "react-is": "^16.13.1"
      }
    },
    "react-is": {
      "version": "16.13.1",
      "resolved": "https://registry.npmjs.org/react-is/-/react-is-16.13.1.tgz",
      "integrity": "sha512-24e6ynE2H+OKt4kqsOvNd8kBpV65zoxbA4BVsEOB3ARVWQki/DHzaUoC5KuON/BiccDaCCTZBuOcfZs70kR8bQ=="
    },
    "regenerator-runtime": {
      "version": "0.13.9",
      "resolved": "https://registry.npmjs.org/regenerator-runtime/-/regenerator-runtime-0.13.9.tgz",
      "integrity": "sha512-p3VT+cOEgxFsRRA9X4lkI1E+k2/CtnKtU4gcxyaCUreilL/vqI6CdZ3wxVUx3UOUg+gnUOQQcRI7BmSI656MYA=="
    },
    "sass-mq": {
      "version": "6.0.0",
      "resolved": "https://registry.npmjs.org/sass-mq/-/sass-mq-6.0.0.tgz",
      "integrity": "sha512-h4VicIy8lszFlqqggqLIFGt/9wS5fHLPoTXHRjC8Vw6UsA4s4JtDvEeypXbbECfgY336mXyc/cdpbRacH0UzGA=="
    },
    "slugify": {
      "version": "1.4.7",
      "resolved": "https://registry.npmjs.org/slugify/-/slugify-1.4.7.tgz",
      "integrity": "sha512-tf+h5W1IrjNm/9rKKj0JU2MDMruiopx0jjVA5zCdBtcGjfp0+c5rHw/zADLC3IeKlGHtVbHtpfzvYA0OYT+HKg=="
    },
    "tabbable": {
      "version": "5.2.1",
      "resolved": "https://registry.npmjs.org/tabbable/-/tabbable-5.2.1.tgz",
      "integrity": "sha512-40pEZ2mhjaZzK0BnI+QGNjJO8UYx9pP5v7BGe17SORTO0OEuuaAwQTkAp8whcZvqon44wKFOikD+Al11K3JICQ=="
    },
    "unfetch": {
      "version": "4.2.0",
      "resolved": "https://registry.npmjs.org/unfetch/-/unfetch-4.2.0.tgz",
      "integrity": "sha512-F9p7yYCn6cIW9El1zi0HI6vqpeIvBsr3dSuRO6Xuppb1u5rXpCPmMvLSyECLhybr9isec8Ohl0hPekMVrEinDA=="
    }
  }
}
