{
  "name": "@nice-digital/global-nav",
  "version": "4.1.0",
  "lockfileVersion": 1,
  "requires": true,
  "dependencies": {
    "@babel/runtime": {
      "version": "7.17.2",
      "resolved": "https://registry.npmjs.org/@babel/runtime/-/runtime-7.17.2.tgz",
      "integrity": "sha512-hzeyJyMA1YGdJTuWU0e/j4wKXrU4OMFvY2MSlaI9B7VQb0r5cxTE3EAIS2Q7Tn2RIcDkRvTA/v2JsAEhxe99uw==",
      "requires": {
        "regenerator-runtime": "^0.13.4"
      }
    },
    "@nice-digital/design-system": {
      "version": "3.0.1-alpha.0",
      "resolved": "https://registry.npmjs.org/@nice-digital/design-system/-/design-system-3.0.1-alpha.0.tgz",
      "integrity": "sha512-FIByG+tDKDGqOciSSSfwdYTozXMV8NvYKrw/VeTMoxMX1Jassn0RXCjxDQ3RjHAb3JJJZ9DLQOioK6bvC1UCEg==",
      "requires": {
        "@nice-digital/icons": "^4.0.0-alpha.0",
        "@nice-digital/nds-a-z-list": "^2.0.1-alpha.0",
        "@nice-digital/nds-action-banner": "^2.0.1-alpha.0",
        "@nice-digital/nds-alert": "^2.0.1-alpha.0",
        "@nice-digital/nds-alphabet": "^1.0.1-alpha.0",
        "@nice-digital/nds-breadcrumbs": "^2.0.1-alpha.0",
        "@nice-digital/nds-button": "^2.0.1-alpha.0",
        "@nice-digital/nds-callout": "^2.0.1-alpha.0",
        "@nice-digital/nds-card": "^2.0.1-alpha.0",
        "@nice-digital/nds-checkbox": "^2.0.1-alpha.0",
        "@nice-digital/nds-column-list": "^2.0.1-alpha.0",
        "@nice-digital/nds-container": "^2.0.1-alpha.0",
        "@nice-digital/nds-core": "^2.0.1-alpha.0",
        "@nice-digital/nds-enhanced-pagination": "^2.0.1-alpha.0",
        "@nice-digital/nds-filters": "^3.0.1-alpha.0",
        "@nice-digital/nds-form-group": "^2.0.1-alpha.0",
        "@nice-digital/nds-forms": "^2.0.1-alpha.0",
        "@nice-digital/nds-full-bleed": "^2.0.1-alpha.0",
        "@nice-digital/nds-grid": "^2.0.1-alpha.0",
        "@nice-digital/nds-hero": "^2.0.1-alpha.0",
        "@nice-digital/nds-horizontal-nav": "^2.0.1-alpha.0",
        "@nice-digital/nds-in-page-nav": "^2.0.1-alpha.0",
        "@nice-digital/nds-input": "^2.0.1-alpha.0",
        "@nice-digital/nds-maintain-ratio": "^2.0.1-alpha.0",
        "@nice-digital/nds-page-header": "^2.0.1-alpha.0",
        "@nice-digital/nds-panel": "^2.0.1-alpha.0",
        "@nice-digital/nds-phase-banner": "^2.0.1-alpha.0",
        "@nice-digital/nds-prev-next": "^2.0.1-alpha.0",
        "@nice-digital/nds-radio": "^2.0.1-alpha.0",
        "@nice-digital/nds-simple-pagination": "^2.0.1-alpha.0",
        "@nice-digital/nds-stacked-nav": "^2.0.1-alpha.0",
        "@nice-digital/nds-table": "^2.0.1-alpha.0",
        "@nice-digital/nds-tabs": "^2.0.1-alpha.0",
        "@nice-digital/nds-tag": "^2.0.1-alpha.0",
        "@nice-digital/nds-textarea": "^2.0.1-alpha.0",
        "normalize.css": "8.0.1"
      }
    },
    "@nice-digital/icons": {
      "version": "4.0.0-alpha.0",
      "resolved": "https://registry.npmjs.org/@nice-digital/icons/-/icons-4.0.0-alpha.0.tgz",
      "integrity": "sha512-QIcApdhWuGwz8MrOxv2hXf+RAVx1ueBKQWrkuO1c2h8ireoJteTD3RO/FgqY5rkB7quwmUfzK14lLkBeQMbB+Q=="
    },
    "@nice-digital/nds-a-z-list": {
      "version": "2.0.1-alpha.0",
      "resolved": "https://registry.npmjs.org/@nice-digital/nds-a-z-list/-/nds-a-z-list-2.0.1-alpha.0.tgz",
      "integrity": "sha512-MKq23/aHTGWTwPjYuidDQmmhYR+Whud5vchwwOwVgPrAQ+2qu3Onuu568iLRWn1Y2CQIr8tbrzpc4SzopMGsBQ==",
      "requires": {
        "@nice-digital/nds-core": "^2.0.1-alpha.0",
        "prop-types": "^15.8.1"
      }
    },
    "@nice-digital/nds-action-banner": {
      "version": "2.0.1-alpha.0",
      "resolved": "https://registry.npmjs.org/@nice-digital/nds-action-banner/-/nds-action-banner-2.0.1-alpha.0.tgz",
      "integrity": "sha512-XxeUaSSI99FTtO20n7RICzkAhD+vnR1mrWozpbsE2GMMsGYfj7TAPGREJN5//vnjgpq2yMSeL1CZcZmRm+XayQ==",
      "requires": {
        "@nice-digital/icons": "^4.0.0-alpha.0",
        "@nice-digital/nds-core": "^2.0.1-alpha.0",
        "classnames": "^2.3.1",
        "prop-types": "^15.7.2"
      }
    },
    "@nice-digital/nds-alert": {
      "version": "2.0.1-alpha.0",
      "resolved": "https://registry.npmjs.org/@nice-digital/nds-alert/-/nds-alert-2.0.1-alpha.0.tgz",
      "integrity": "sha512-8BykLP74sIVSGHqEcK5Y9xLNfdNJQl2IXejzjLz3z48WLDn9ZPcYOsizTiW1pE868qFMjBki1/HvLZXYVv20MA==",
      "requires": {
        "@nice-digital/nds-core": "^2.0.1-alpha.0",
        "classnames": "^2.2.6",
        "prop-types": "^15.7.2"
      }
    },
    "@nice-digital/nds-alphabet": {
      "version": "1.0.1-alpha.0",
      "resolved": "https://registry.npmjs.org/@nice-digital/nds-alphabet/-/nds-alphabet-1.0.1-alpha.0.tgz",
      "integrity": "sha512-tn6ePbuJb5ivkhMLWpMd3BRgxWu1Ql8qD5Cx7NDK633ACf+iJyZ2dX6vNHhNCvfKXtSFFv2O6CO7jSZtuzRt1g==",
      "requires": {
        "@nice-digital/nds-core": "^2.0.1-alpha.0",
        "prop-types": "^15.8.1"
      }
    },
    "@nice-digital/nds-breadcrumbs": {
      "version": "2.0.1-alpha.0",
      "resolved": "https://registry.npmjs.org/@nice-digital/nds-breadcrumbs/-/nds-breadcrumbs-2.0.1-alpha.0.tgz",
      "integrity": "sha512-7Cnh5WNZ/RVQ3MlKOZ/dDbta/3tcz0XJM9b8zwz+DiQF54K9ywEXBAZsPVdBVNUhpiZmrEjoii6Nl6ZDTKJ6Lg==",
      "requires": {
        "@nice-digital/nds-core": "^2.0.1-alpha.0",
        "classnames": "^2.3.1",
        "prop-types": "^15.7.2"
      }
    },
    "@nice-digital/nds-button": {
      "version": "2.0.1-alpha.0",
      "resolved": "https://registry.npmjs.org/@nice-digital/nds-button/-/nds-button-2.0.1-alpha.0.tgz",
      "integrity": "sha512-TH0HEg+OkxPaCUZQGvWReZ3LABd+Vgj5vYGNIJnCJThNscK4TIq7eYZwDvbApCiT5FD78w79/M2gNiXdZb0r8g==",
      "requires": {
        "@nice-digital/nds-core": "^2.0.1-alpha.0",
        "classnames": "^2.2.6",
        "prop-types": "^15.7.2"
      }
    },
    "@nice-digital/nds-callout": {
      "version": "2.0.1-alpha.0",
      "resolved": "https://registry.npmjs.org/@nice-digital/nds-callout/-/nds-callout-2.0.1-alpha.0.tgz",
      "integrity": "sha512-Ei5c5nCWvPcNoWb3GoW7fIn32a1ZcAU9uYN8wGZwp50VlnOGMY4tAWzijXjZaYS6yjYxlSGBY6Z6wUJ9XR6BkA==",
      "requires": {
        "@nice-digital/nds-core": "^2.0.1-alpha.0",
        "@nice-digital/nds-maintain-ratio": "^2.0.1-alpha.0",
        "classnames": "^2.2.6",
        "prop-types": "^15.7.2"
      }
    },
    "@nice-digital/nds-card": {
      "version": "2.0.1-alpha.0",
      "resolved": "https://registry.npmjs.org/@nice-digital/nds-card/-/nds-card-2.0.1-alpha.0.tgz",
      "integrity": "sha512-HX2GVnNhbC5Z/U+2laGfLC346gvme08+tCY+ra8fLZmhItdHRdHsTEd0yu42alOQ8PAkk/rP6AbRwPRTlKiT6A==",
      "requires": {
        "@nice-digital/nds-core": "^2.0.1-alpha.0",
        "classnames": "^2.2.6",
        "prop-types": "^15.7.2"
      }
    },
    "@nice-digital/nds-checkbox": {
      "version": "2.0.1-alpha.0",
      "resolved": "https://registry.npmjs.org/@nice-digital/nds-checkbox/-/nds-checkbox-2.0.1-alpha.0.tgz",
      "integrity": "sha512-mpcGPsoBX7HPhEFUbSaVjodjoUXx5reauqxxj0SYdwpdYVEbcis3KOgssUPbpP1XnGO04bPWHZFryBm++DHXzA==",
      "requires": {
        "@nice-digital/nds-core": "^2.0.1-alpha.0",
        "classnames": "^2.2.6",
        "prop-types": "^15.7.2"
      }
    },
    "@nice-digital/nds-column-list": {
      "version": "2.0.1-alpha.0",
      "resolved": "https://registry.npmjs.org/@nice-digital/nds-column-list/-/nds-column-list-2.0.1-alpha.0.tgz",
      "integrity": "sha512-Ah42or/MCd1/fAhN6hiraloHnkUJnA6vWR4WhYDVYPlS4/rnM1k4VQrl4R/I5yz2MuDOex3HoywMsLjjxRY7ZA==",
      "requires": {
        "@nice-digital/nds-core": "^2.0.1-alpha.0",
        "prop-types": "^15.8.1"
      }
    },
    "@nice-digital/nds-container": {
      "version": "2.0.1-alpha.0",
      "resolved": "https://registry.npmjs.org/@nice-digital/nds-container/-/nds-container-2.0.1-alpha.0.tgz",
      "integrity": "sha512-5lt2Kb6yRjPKa7WHQQ8Ua2EaiEwykdABrNbEGFi+MLgQVu39zV4o39BB6Q6rXnewr+h9Y9eG1EVCepMqWx3uYA==",
      "requires": {
        "@nice-digital/nds-core": "^2.0.1-alpha.0",
        "classnames": "^2.2.6",
        "prop-types": "^15.7.2"
      }
    },
    "@nice-digital/nds-core": {
      "version": "2.0.1-alpha.0",
      "resolved": "https://registry.npmjs.org/@nice-digital/nds-core/-/nds-core-2.0.1-alpha.0.tgz",
      "integrity": "sha512-WbIGUKFNsnWOyqv+hZgFZPdL7iiI5vLzSZjEvBRd2RpaJMgNCzO7lEvy8TfpT/msVpgJUDZwqbiEXoMbceXJxA==",
      "requires": {
        "@nice-digital/icons": "^4.0.0-alpha.0",
        "prop-types": "^15.7.2",
        "sass-mq": "^6.0.0"
      }
    },
    "@nice-digital/nds-enhanced-pagination": {
      "version": "2.0.1-alpha.0",
      "resolved": "https://registry.npmjs.org/@nice-digital/nds-enhanced-pagination/-/nds-enhanced-pagination-2.0.1-alpha.0.tgz",
      "integrity": "sha512-zBF5NRFovy8I3QB82y8K+A5nKHbCQEYTg9IQIweTk3050v05RE2+0aWFwIW1MKCgNJtSTHODAKhTaFSL054NoQ==",
      "requires": {
        "@nice-digital/nds-core": "^2.0.1-alpha.0",
        "classnames": "^2.2.6",
        "prop-types": "^15.7.2"
      }
    },
    "@nice-digital/nds-filters": {
      "version": "3.0.1-alpha.0",
      "resolved": "https://registry.npmjs.org/@nice-digital/nds-filters/-/nds-filters-3.0.1-alpha.0.tgz",
      "integrity": "sha512-/Kpj5wuxv6su15IVCNPgP8lUBGOMsNgo4YNIJOZFQxQVAA3H+HA0xI0kVgcNfHj/u1rF+E2jyzk9TnxtZMGTZA==",
      "requires": {
        "@nice-digital/icons": "^4.0.0-alpha.0",
        "@nice-digital/nds-button": "^2.0.1-alpha.0",
        "@nice-digital/nds-core": "^2.0.1-alpha.0",
        "@nice-digital/nds-input": "^2.0.1-alpha.0",
        "@nice-digital/nds-tag": "^2.0.1-alpha.0",
        "classnames": "^2.3.1",
        "prop-types": "^15.7.2"
      }
    },
    "@nice-digital/nds-form-group": {
      "version": "2.0.1-alpha.0",
      "resolved": "https://registry.npmjs.org/@nice-digital/nds-form-group/-/nds-form-group-2.0.1-alpha.0.tgz",
      "integrity": "sha512-h3+o1RNFO7UMxG9bqUIbyi0enVoBqyUKpA6fJyDbn5tyaSqPMJAdwU+4JyDlv+rOd9vCKqWjFvhNOklZgO0oGg==",
      "requires": {
        "@nice-digital/nds-core": "^2.0.1-alpha.0",
        "@nice-digital/nds-forms": "^2.0.1-alpha.0",
        "classnames": "^2.2.6",
        "prop-types": "^15.7.2"
      }
    },
    "@nice-digital/nds-forms": {
      "version": "2.0.1-alpha.0",
      "resolved": "https://registry.npmjs.org/@nice-digital/nds-forms/-/nds-forms-2.0.1-alpha.0.tgz",
      "integrity": "sha512-hx/1P2WwYLj3+c/u7Dj31MFmpemPGxmuJDqcltaqIj91igU8mngNvESgSwbewOYvffcKFDPBD5a4iLbIvWn3eg==",
      "requires": {
        "@nice-digital/nds-input": "^2.0.1-alpha.0",
        "@nice-digital/nds-textarea": "^2.0.1-alpha.0"
      }
    },
    "@nice-digital/nds-full-bleed": {
      "version": "2.0.1-alpha.0",
      "resolved": "https://registry.npmjs.org/@nice-digital/nds-full-bleed/-/nds-full-bleed-2.0.1-alpha.0.tgz",
      "integrity": "sha512-41BIebVMm1t4pd38HsLMWotVTLHW67PbghtX5xWTOIHaLaFZ45WP81K5feu9HBYIwIhhFUonSy2UC0AqfFmZzA==",
      "requires": {
        "@nice-digital/nds-core": "^2.0.1-alpha.0",
        "classnames": "^2.2.6",
        "prop-types": "^15.7.2"
      }
    },
    "@nice-digital/nds-grid": {
      "version": "2.0.1-alpha.0",
      "resolved": "https://registry.npmjs.org/@nice-digital/nds-grid/-/nds-grid-2.0.1-alpha.0.tgz",
      "integrity": "sha512-A9lEDu+5n4PSfYR/zRVIQVtaUylsR6xAhT+AhTtkriQVOTuYqjmK+Ri9advhuPabAL5iswb17H3lfyNT5oeAGQ==",
      "requires": {
        "@nice-digital/nds-core": "^2.0.1-alpha.0",
        "classnames": "^2.2.6",
        "prop-types": "^15.7.2"
      }
    },
    "@nice-digital/nds-hero": {
      "version": "2.0.1-alpha.0",
      "resolved": "https://registry.npmjs.org/@nice-digital/nds-hero/-/nds-hero-2.0.1-alpha.0.tgz",
      "integrity": "sha512-KJEqLdH1JmdBOwnmlbfWSDiYWvhxrIwWoL+aWPh4EWdwoLNESEG8uNIOQJqJsMg2TE4okEpwFu8CjVpqrV5FYA==",
      "requires": {
        "@nice-digital/nds-core": "^2.0.1-alpha.0",
        "classnames": "^2.3.1",
        "prop-types": "^15.7.2"
      }
    },
    "@nice-digital/nds-horizontal-nav": {
      "version": "2.0.1-alpha.0",
      "resolved": "https://registry.npmjs.org/@nice-digital/nds-horizontal-nav/-/nds-horizontal-nav-2.0.1-alpha.0.tgz",
      "integrity": "sha512-KfI10VV3MwNs5BBXSXdGNDVww1/6H9mfrtt+THfUYjTz6pWEKq9dLt3vAApO30y6LxE3agvkXMYPSgeKkcJxbw==",
      "requires": {
        "@nice-digital/nds-core": "^2.0.1-alpha.0",
        "classnames": "^2.2.6",
        "prop-types": "^15.7.2"
      }
    },
    "@nice-digital/nds-in-page-nav": {
      "version": "2.0.1-alpha.0",
      "resolved": "https://registry.npmjs.org/@nice-digital/nds-in-page-nav/-/nds-in-page-nav-2.0.1-alpha.0.tgz",
      "integrity": "sha512-8Gnslg8eK7q3WKX22OQUBxl5TLU9KDjNbabnQsO/F1w5IaViqPU9OirALFuQ8Muhre9lbIyMWFcWqCw6DzC5SQ==",
      "requires": {
        "@nice-digital/nds-core": "^2.0.1-alpha.0",
        "lodash.throttle": "^4.1.1",
        "prop-types": "^15.7.2",
        "slugify": "1.4.7"
      }
    },
    "@nice-digital/nds-input": {
      "version": "2.0.1-alpha.0",
      "resolved": "https://registry.npmjs.org/@nice-digital/nds-input/-/nds-input-2.0.1-alpha.0.tgz",
      "integrity": "sha512-Gs2D8HVdaPOoG13PgkNxDjsgI4QQfbXxDFJfPxWxgLLKXzmiSVXjS/ylqMxLRwpHagi8tFOTQHXGFyUu08t9dA==",
      "requires": {
        "@nice-digital/nds-core": "^2.0.1-alpha.0",
        "classnames": "^2.2.6",
        "prop-types": "^15.7.2"
      }
    },
    "@nice-digital/nds-maintain-ratio": {
      "version": "2.0.1-alpha.0",
      "resolved": "https://registry.npmjs.org/@nice-digital/nds-maintain-ratio/-/nds-maintain-ratio-2.0.1-alpha.0.tgz",
      "integrity": "sha512-afYHQ+s9ksFaqxQ4CSL+5b8AbU5BRFOjZbv6tggfVQZeYWJQ6WVBYWlTc5zfbR1szAXbWm1asYy6nUaj/09JcQ==",
      "requires": {
        "@nice-digital/nds-core": "^2.0.1-alpha.0",
        "classnames": "^2.3.1",
        "prop-types": "^15.7.2"
      }
    },
    "@nice-digital/nds-page-header": {
      "version": "2.0.1-alpha.0",
      "resolved": "https://registry.npmjs.org/@nice-digital/nds-page-header/-/nds-page-header-2.0.1-alpha.0.tgz",
      "integrity": "sha512-5CiryDzU9Hc+6bjm2y6z5KxLvmuS7UXD4BmILEjmJfHlM8RG5b9t1ceiOtvOS4GKjF67OAdL9FWlLd/YpHIJOw==",
      "requires": {
        "@nice-digital/nds-core": "^2.0.1-alpha.0",
        "prop-types": "^15.7.2"
      }
    },
    "@nice-digital/nds-panel": {
      "version": "2.0.1-alpha.0",
      "resolved": "https://registry.npmjs.org/@nice-digital/nds-panel/-/nds-panel-2.0.1-alpha.0.tgz",
      "integrity": "sha512-eQY60xvSM/P0cJS2rcPl77kGLgcJlsFj+S4oFsucb3Ie9J4WVvtC3dHPo5E6wNYv1wW7HegmAtW38TJ55+Mp3w==",
      "requires": {
        "@nice-digital/nds-core": "^2.0.1-alpha.0",
        "classnames": "^2.2.6",
        "prop-types": "^15.7.2"
      }
    },
    "@nice-digital/nds-phase-banner": {
      "version": "2.0.1-alpha.0",
      "resolved": "https://registry.npmjs.org/@nice-digital/nds-phase-banner/-/nds-phase-banner-2.0.1-alpha.0.tgz",
      "integrity": "sha512-TokScEu2oEpWfnNRGgdo3twqwJM+D77BIUnIi4TFnqvePqqkFopk7xJ3AtHycFTyXqxPjxTswILpw5zkpdF3yg==",
      "requires": {
        "@nice-digital/nds-core": "^2.0.1-alpha.0",
        "@nice-digital/nds-tag": "^2.0.1-alpha.0",
        "classnames": "^2.3.1",
        "prop-types": "^15.7.2"
      }
    },
    "@nice-digital/nds-prev-next": {
      "version": "2.0.1-alpha.0",
      "resolved": "https://registry.npmjs.org/@nice-digital/nds-prev-next/-/nds-prev-next-2.0.1-alpha.0.tgz",
      "integrity": "sha512-IgCrNEozPOPIK5NYYYXQUgHn2eFiRk2iGEzq4SFTAr949ZBdjgMmK5hDbNV0rxLk0cbqI9yVoocVmHSij2IKog==",
      "requires": {
        "@nice-digital/nds-core": "^2.0.1-alpha.0",
        "classnames": "^2.2.6",
        "prop-types": "^15.7.2"
      }
    },
    "@nice-digital/nds-radio": {
      "version": "2.0.1-alpha.0",
      "resolved": "https://registry.npmjs.org/@nice-digital/nds-radio/-/nds-radio-2.0.1-alpha.0.tgz",
      "integrity": "sha512-zys5Pa5PVDkBf96KUqLC1sBHNGP82nWkFR4rDkybLIAAowgvWfB7Sug0W39f5lG+uBTUgjjHG9UM5q/2QOJRBw==",
      "requires": {
        "@nice-digital/nds-core": "^2.0.1-alpha.0",
        "classnames": "^2.2.6",
        "prop-types": "^15.7.2"
      }
    },
    "@nice-digital/nds-simple-pagination": {
      "version": "2.0.1-alpha.0",
      "resolved": "https://registry.npmjs.org/@nice-digital/nds-simple-pagination/-/nds-simple-pagination-2.0.1-alpha.0.tgz",
      "integrity": "sha512-tkuRVNolMfV4MQC46MfHGgz6g9nvHx+586BhFQLtGW5jPHyvhdkGkEb5ZTPG7orEn+0KjyWIKmvJO428zKweHA==",
      "requires": {
        "@nice-digital/nds-core": "^2.0.1-alpha.0",
        "classnames": "^2.2.6",
        "prop-types": "^15.7.2"
      }
    },
    "@nice-digital/nds-stacked-nav": {
      "version": "2.0.1-alpha.0",
      "resolved": "https://registry.npmjs.org/@nice-digital/nds-stacked-nav/-/nds-stacked-nav-2.0.1-alpha.0.tgz",
      "integrity": "sha512-MT4fPXD9EnQsAF3UOpzCfqmDWES/8VMdXuRCaA+C3MvmbwkKXVV0iOSimPDaW8to4o07mmd7XHLFRgh2/gz1bA==",
      "requires": {
        "@nice-digital/nds-core": "^2.0.1-alpha.0",
        "classnames": "^2.2.6",
        "prop-types": "^15.7.2"
      }
    },
    "@nice-digital/nds-table": {
      "version": "2.0.1-alpha.0",
      "resolved": "https://registry.npmjs.org/@nice-digital/nds-table/-/nds-table-2.0.1-alpha.0.tgz",
      "integrity": "sha512-XkPtq4d0qJxlMGg+YNObXSeUWhjWKAWuNp7dNEukdSv6vB7RJT8NBIfXBiAFYWFSOplUnoizXHm+9bx+bu5iJA==",
      "requires": {
        "@nice-digital/nds-core": "^2.0.1-alpha.0",
        "classnames": "^2.3.1",
        "prop-types": "^15.7.2"
      }
    },
    "@nice-digital/nds-tabs": {
      "version": "2.0.1-alpha.0",
      "resolved": "https://registry.npmjs.org/@nice-digital/nds-tabs/-/nds-tabs-2.0.1-alpha.0.tgz",
      "integrity": "sha512-clxDrwsirS/PLL7ppbNJQlQ9PYR5dV0EC2F+V/gmNERpoA+Kxv1Z2+dZVgJpCIjOdX9MA7DmNEzXWBw/9Fr2wA==",
      "requires": {
        "@nice-digital/nds-core": "^2.0.1-alpha.0",
        "classnames": "^2.3.1",
        "prop-types": "^15.7.2"
      }
    },
    "@nice-digital/nds-tag": {
      "version": "2.0.1-alpha.0",
      "resolved": "https://registry.npmjs.org/@nice-digital/nds-tag/-/nds-tag-2.0.1-alpha.0.tgz",
      "integrity": "sha512-r8AZla0R7xbdrfMrqpDlC9+elgJHSwMqUr3nI1mQBBJ1/g1MXNIXfkcabdAtaxuJwjqPpyIf2duhSbsBKbHh+w==",
      "requires": {
        "@nice-digital/nds-core": "^2.0.1-alpha.0",
        "classnames": "^2.2.6",
        "prop-types": "^15.7.2"
      }
    },
    "@nice-digital/nds-textarea": {
      "version": "2.0.1-alpha.0",
      "resolved": "https://registry.npmjs.org/@nice-digital/nds-textarea/-/nds-textarea-2.0.1-alpha.0.tgz",
      "integrity": "sha512-JdDPiVzynQhKqk0Odzuk6f3y/QHAmDtzfCRi3mOZf+ZdpIL/afSr4iYD990d06fGSKupq301w89D3E7z4JCahw==",
      "requires": {
        "@nice-digital/nds-core": "^2.0.1-alpha.0",
        "classnames": "^2.2.6",
        "prop-types": "^15.7.2"
      }
    },
    "@use-it/event-listener": {
      "version": "0.1.7",
      "resolved": "https://registry.npmjs.org/@use-it/event-listener/-/event-listener-0.1.7.tgz",
      "integrity": "sha512-hgfExDzUU9uTRTPDCpw2s9jWTxcxmpJya3fK5ADpf5VDpSy8WYwY/kh28XE0tUcbsljeP8wfan48QvAQTSSa3Q=="
    },
    "accessible-autocomplete": {
      "version": "2.0.4",
      "resolved": "https://registry.npmjs.org/accessible-autocomplete/-/accessible-autocomplete-2.0.4.tgz",
      "integrity": "sha512-2p0txrSpvs5wXFUeQJHMheDPTZVSEmiUHWlEPb7vJnv2Dd1xPfoLnBQQMfNbTSit2pL/9sSQYESuD2Yyohd4Yw==",
      "requires": {
        "preact": "^8.3.1"
      }
    },
    "classnames": {
      "version": "2.3.1",
      "resolved": "https://registry.npmjs.org/classnames/-/classnames-2.3.1.tgz",
      "integrity": "sha512-OlQdbZ7gLfGarSqxesMesDa5uz7KFbID8Kpq/SxIoNGDqY8lSYs0D+hhtBXhcdB3rcbXArFr7vlHheLk1voeNA=="
    },
    "es5-polyfill": {
      "version": "0.0.6",
      "resolved": "https://registry.npmjs.org/es5-polyfill/-/es5-polyfill-0.0.6.tgz",
      "integrity": "sha512-u6Een5n6esxwlMVBsF6qUkgp5Mj5VSA9D7Qs0GfC3ey412FGmQNFhjjuTMbzgepKZSHDKisr24A9t/GOwHC7/g=="
    },
    "focus-trap": {
      "version": "6.7.3",
      "resolved": "https://registry.npmjs.org/focus-trap/-/focus-trap-6.7.3.tgz",
      "integrity": "sha512-8xCEKndV4KrseGhFKKKmczVA14yx1/hnmFICPOjcFjToxCJYj/NHH43tPc3YE/PLnLRNZoFug0EcWkGQde/miQ==",
      "requires": {
        "tabbable": "^5.2.1"
      }
    },
    "focus-trap-react": {
      "version": "8.9.2",
      "resolved": "https://registry.npmjs.org/focus-trap-react/-/focus-trap-react-8.9.2.tgz",
      "integrity": "sha512-m6TQQHLcqkisc6Qq92q1yYzzOaxo34Szh5FQOXzky7028PXFEhuUxScTbT7EG9qL0QG7B+oR2ZbxyU0lK4kIwQ==",
      "requires": {
        "focus-trap": "^6.7.3"
      }
    },
    "js-cookie": {
      "version": "2.2.1",
      "resolved": "https://registry.npmjs.org/js-cookie/-/js-cookie-2.2.1.tgz",
      "integrity": "sha512-HvdH2LzI/EAZcUwA8+0nKNtWHqS+ZmijLA30RwZA0bo7ToCckjK5MkGhjED9KoRcXO6BaGI3I9UIzSA1FKFPOQ=="
    },
    "js-tokens": {
      "version": "4.0.0",
      "resolved": "https://registry.npmjs.org/js-tokens/-/js-tokens-4.0.0.tgz",
      "integrity": "sha512-RdJUflcE3cUzKiMqQgsCu06FPu9UdIJO0beYbPhHN4k6apgJtifcoCtT9bcxOpYBtpD2kCM6Sbzg4CausW/PKQ=="
    },
    "lodash.throttle": {
      "version": "4.1.1",
      "resolved": "https://registry.npmjs.org/lodash.throttle/-/lodash.throttle-4.1.1.tgz",
      "integrity": "sha512-wIkUCfVKpVsWo3JSZlc+8MB5it+2AN5W8J7YVMST30UrvcQNZ1Okbj+rbVniijTWE6FGYy4XJq/rHkas8qJMLQ=="
    },
    "loose-envify": {
      "version": "1.4.0",
      "resolved": "https://registry.npmjs.org/loose-envify/-/loose-envify-1.4.0.tgz",
      "integrity": "sha512-lyuxPGr/Wfhrlem2CL/UcnUc1zcqKAImBDzukY7Y5F/yQiNdko6+fRLevlw1HgMySw7f611UIY408EtxRSoK3Q==",
      "requires": {
        "js-tokens": "^3.0.0 || ^4.0.0"
      }
    },
    "normalize.css": {
      "version": "8.0.1",
      "resolved": "https://registry.npmjs.org/normalize.css/-/normalize.css-8.0.1.tgz",
      "integrity": "sha512-qizSNPO93t1YUuUhP22btGOo3chcvDFqFaj2TRybP0DMxkHOCTYwp3n34fel4a31ORXy4m1Xq0Gyqpb5m33qIg=="
    },
    "object-assign": {
      "version": "4.1.1",
      "resolved": "https://registry.npmjs.org/object-assign/-/object-assign-4.1.1.tgz",
      "integrity": "sha1-IQmtx5ZYh8/AXLvUQsrIv7s2CGM="
    },
    "preact": {
      "version": "8.5.3",
      "resolved": "https://registry.npmjs.org/preact/-/preact-8.5.3.tgz",
      "integrity": "sha512-O3kKP+1YdgqHOFsZF2a9JVdtqD+RPzCQc3rP+Ualf7V6rmRDchZ9MJbiGTT7LuyqFKZqlHSOyO/oMFmI2lVTsw=="
    },
    "prop-types": {
      "version": "15.8.1",
      "resolved": "https://registry.npmjs.org/prop-types/-/prop-types-15.8.1.tgz",
      "integrity": "sha512-oj87CgZICdulUohogVAR7AjlC0327U4el4L6eAvOqCeudMDVU0NThNaV+b9Df4dXgSP1gXMTnPdhfe/2qDH5cg==",
      "requires": {
        "loose-envify": "^1.4.0",
        "object-assign": "^4.1.1",
        "react-is": "^16.13.1"
      }
    },
    "react-is": {
      "version": "16.13.1",
      "resolved": "https://registry.npmjs.org/react-is/-/react-is-16.13.1.tgz",
      "integrity": "sha512-24e6ynE2H+OKt4kqsOvNd8kBpV65zoxbA4BVsEOB3ARVWQki/DHzaUoC5KuON/BiccDaCCTZBuOcfZs70kR8bQ=="
    },
    "regenerator-runtime": {
      "version": "0.13.9",
      "resolved": "https://registry.npmjs.org/regenerator-runtime/-/regenerator-runtime-0.13.9.tgz",
      "integrity": "sha512-p3VT+cOEgxFsRRA9X4lkI1E+k2/CtnKtU4gcxyaCUreilL/vqI6CdZ3wxVUx3UOUg+gnUOQQcRI7BmSI656MYA=="
    },
    "sass-mq": {
      "version": "6.0.0",
      "resolved": "https://registry.npmjs.org/sass-mq/-/sass-mq-6.0.0.tgz",
      "integrity": "sha512-h4VicIy8lszFlqqggqLIFGt/9wS5fHLPoTXHRjC8Vw6UsA4s4JtDvEeypXbbECfgY336mXyc/cdpbRacH0UzGA=="
    },
    "slugify": {
      "version": "1.4.7",
      "resolved": "https://registry.npmjs.org/slugify/-/slugify-1.4.7.tgz",
      "integrity": "sha512-tf+h5W1IrjNm/9rKKj0JU2MDMruiopx0jjVA5zCdBtcGjfp0+c5rHw/zADLC3IeKlGHtVbHtpfzvYA0OYT+HKg=="
    },
    "tabbable": {
      "version": "5.2.1",
      "resolved": "https://registry.npmjs.org/tabbable/-/tabbable-5.2.1.tgz",
      "integrity": "sha512-40pEZ2mhjaZzK0BnI+QGNjJO8UYx9pP5v7BGe17SORTO0OEuuaAwQTkAp8whcZvqon44wKFOikD+Al11K3JICQ=="
    },
    "unfetch": {
      "version": "4.2.0",
      "resolved": "https://registry.npmjs.org/unfetch/-/unfetch-4.2.0.tgz",
      "integrity": "sha512-F9p7yYCn6cIW9El1zi0HI6vqpeIvBsr3dSuRO6Xuppb1u5rXpCPmMvLSyECLhybr9isec8Ohl0hPekMVrEinDA=="
    }
  }
}
