{
  "name": "@nice-digital/global-nav",
  "version": "4.1.0",
  "lockfileVersion": 1,
  "requires": true,
  "dependencies": {
    "@babel/runtime": {
      "version": "7.17.2",
      "resolved": "https://registry.npmjs.org/@babel/runtime/-/runtime-7.17.2.tgz",
      "integrity": "sha512-hzeyJyMA1YGdJTuWU0e/j4wKXrU4OMFvY2MSlaI9B7VQb0r5cxTE3EAIS2Q7Tn2RIcDkRvTA/v2JsAEhxe99uw==",
      "requires": {
        "regenerator-runtime": "^0.13.4"
      }
    },
    "@nice-digital/design-system": {
      "version": "2.0.3-alpha.0",
      "resolved": "https://registry.npmjs.org/@nice-digital/design-system/-/design-system-2.0.3-alpha.0.tgz",
      "integrity": "sha512-YW4L95bltzpMwa8mfgtB6kwQDDfWROgJ0fUAPg6zRRin2K45+7angJGyUJ+6i1cOWWqemxa1Gts1izyqxA+qbg==",
      "requires": {
        "@nice-digital/icons": "^3.0.2-alpha.0",
        "@nice-digital/nds-a-z-list": "^1.0.3-alpha.0",
        "@nice-digital/nds-action-banner": "^1.2.21-alpha.0",
        "@nice-digital/nds-alert": "^1.2.20-alpha.0",
        "@nice-digital/nds-alphabet": "^0.3.6-alpha.0",
        "@nice-digital/nds-breadcrumbs": "^1.2.21-alpha.0",
        "@nice-digital/nds-button": "^1.2.19-alpha.0",
        "@nice-digital/nds-callout": "^1.1.21-alpha.0",
        "@nice-digital/nds-card": "^1.2.22-alpha.0",
        "@nice-digital/nds-checkbox": "^1.3.7-alpha.0",
        "@nice-digital/nds-column-list": "^1.3.5-alpha.0",
        "@nice-digital/nds-container": "^1.0.15-alpha.0",
        "@nice-digital/nds-core": "^1.3.5-alpha.0",
        "@nice-digital/nds-enhanced-pagination": "^1.0.13-alpha.0",
        "@nice-digital/nds-filters": "^2.0.3-alpha.0",
        "@nice-digital/nds-form-group": "^1.2.19-alpha.0",
        "@nice-digital/nds-forms": "^1.2.7-alpha.0",
        "@nice-digital/nds-full-bleed": "^1.1.19-alpha.0",
        "@nice-digital/nds-grid": "^1.2.20-alpha.0",
        "@nice-digital/nds-hero": "^1.2.20-alpha.0",
        "@nice-digital/nds-horizontal-nav": "^1.1.19-alpha.0",
        "@nice-digital/nds-in-page-nav": "^1.2.23-alpha.0",
        "@nice-digital/nds-input": "^1.2.23-alpha.0",
        "@nice-digital/nds-maintain-ratio": "^1.2.20-alpha.0",
        "@nice-digital/nds-page-header": "^1.2.21-alpha.0",
        "@nice-digital/nds-panel": "^1.2.21-alpha.0",
        "@nice-digital/nds-phase-banner": "^1.2.20-alpha.0",
        "@nice-digital/nds-prev-next": "^1.1.20-alpha.0",
        "@nice-digital/nds-radio": "^1.2.19-alpha.0",
        "@nice-digital/nds-simple-pagination": "^1.2.19-alpha.0",
        "@nice-digital/nds-stacked-nav": "^1.2.20-alpha.0",
        "@nice-digital/nds-table": "^1.1.22-alpha.0",
        "@nice-digital/nds-tabs": "^1.2.24-alpha.0",
        "@nice-digital/nds-tag": "^1.2.19-alpha.0",
        "@nice-digital/nds-textarea": "^1.2.19-alpha.0",
        "normalize.css": "8.0.1"
      }
    },
    "@nice-digital/icons": {
      "version": "3.0.2-alpha.0",
      "resolved": "https://registry.npmjs.org/@nice-digital/icons/-/icons-3.0.2-alpha.0.tgz",
      "integrity": "sha512-bVdNwOFXEdb/LjqqtIlFhP8ljcXwLLVoW26rDmx/9jmyIHbRv1wmCHuBXF814xN5n7o/ZxdUtKAL3/ex77uxaw=="
    },
    "@nice-digital/nds-a-z-list": {
      "version": "1.0.3-alpha.0",
      "resolved": "https://registry.npmjs.org/@nice-digital/nds-a-z-list/-/nds-a-z-list-1.0.3-alpha.0.tgz",
      "integrity": "sha512-rgKSEe8LH73lrIpOObbdb/DTHBWNJR+N+jFdPK41EuHJKFY5s0IPde2Jp97yFKGNMLCbOxp4XbiOCrk8dzehfg==",
      "requires": {
        "@nice-digital/nds-core": "^1.3.5-alpha.0",
        "prop-types": "^15.8.1"
      }
    },
    "@nice-digital/nds-action-banner": {
      "version": "1.2.21-alpha.0",
      "resolved": "https://registry.npmjs.org/@nice-digital/nds-action-banner/-/nds-action-banner-1.2.21-alpha.0.tgz",
      "integrity": "sha512-q6ncsv0gQWAAdaW22i5aGiK7Z5fPSAhHlvD3x/X8VNtDJ+9SaaI20lYA5e7GGRd2hp5WBIdIVy+9a0dRjRPKiQ==",
      "requires": {
        "@nice-digital/icons": "^3.0.2-alpha.0",
        "@nice-digital/nds-core": "^1.3.5-alpha.0",
        "classnames": "^2.3.1",
        "prop-types": "^15.7.2"
      }
    },
    "@nice-digital/nds-alert": {
      "version": "1.2.20-alpha.0",
      "resolved": "https://registry.npmjs.org/@nice-digital/nds-alert/-/nds-alert-1.2.20-alpha.0.tgz",
      "integrity": "sha512-Jnz/G82GtxyyTY1J5FXkDPYR7gS+tQvDosJKV/rzF9PVpmyQaLRriKUL9EL3n46rYrcvxNKEqXUctHUwE4geuQ==",
      "requires": {
        "@nice-digital/nds-core": "^1.3.5-alpha.0",
        "classnames": "^2.2.6",
        "prop-types": "^15.7.2"
      }
    },
    "@nice-digital/nds-alphabet": {
      "version": "0.3.6-alpha.0",
      "resolved": "https://registry.npmjs.org/@nice-digital/nds-alphabet/-/nds-alphabet-0.3.6-alpha.0.tgz",
      "integrity": "sha512-LZs4Ab5uA/1VHexY8CUJ4TETOIZFU9zVD2mdr4KW7BZrgmHMHFy62wVse1BdO911SshT9oTdxQzm5mc++rhQHA==",
      "requires": {
        "@nice-digital/nds-core": "^1.3.5-alpha.0",
        "prop-types": "^15.8.1"
      }
    },
    "@nice-digital/nds-breadcrumbs": {
      "version": "1.2.21-alpha.0",
      "resolved": "https://registry.npmjs.org/@nice-digital/nds-breadcrumbs/-/nds-breadcrumbs-1.2.21-alpha.0.tgz",
      "integrity": "sha512-ua70e71fYHpyT/w6y+qxO20g5Nf0EIrb+qGEWzBNdu5+idptoOi98KQInM011ndhLF57FQswdC/2y6n0ehykdQ==",
      "requires": {
        "@nice-digital/nds-core": "^1.3.5-alpha.0",
        "classnames": "^2.3.1",
        "prop-types": "^15.7.2"
      }
    },
    "@nice-digital/nds-button": {
      "version": "1.2.19-alpha.0",
      "resolved": "https://registry.npmjs.org/@nice-digital/nds-button/-/nds-button-1.2.19-alpha.0.tgz",
      "integrity": "sha512-aYXCYDEzwY/05EAf4NQW7ExQrUmwncDP4ni2dDfhl9Aan65HxN/7rGijP/a2koOZJvtLXNIrxWXAzofutQNIdw==",
      "requires": {
        "@nice-digital/nds-core": "^1.3.5-alpha.0",
        "classnames": "^2.2.6",
        "prop-types": "^15.7.2"
      }
    },
    "@nice-digital/nds-callout": {
      "version": "1.1.21-alpha.0",
      "resolved": "https://registry.npmjs.org/@nice-digital/nds-callout/-/nds-callout-1.1.21-alpha.0.tgz",
      "integrity": "sha512-ko8l6+X4ZurUlVD4286cRKeBwvGmHcYJerui5WrdYX5He0chWpCIf83zS9JaGo9dSpUi2Wh3j0FXgWAKMJyFsA==",
      "requires": {
        "@nice-digital/nds-core": "^1.3.5-alpha.0",
        "@nice-digital/nds-maintain-ratio": "^1.2.20-alpha.0",
        "classnames": "^2.2.6",
        "prop-types": "^15.7.2"
      }
    },
    "@nice-digital/nds-card": {
      "version": "1.2.22-alpha.0",
      "resolved": "https://registry.npmjs.org/@nice-digital/nds-card/-/nds-card-1.2.22-alpha.0.tgz",
      "integrity": "sha512-ArwB9zG/YpZKV7uSZPDUScyKglEovbwUsA5/cRAHo5za9WtJj46Wy9mgKpHp4j/RZmmQTQc7K8ckCnozm/4bgA==",
      "requires": {
        "@nice-digital/nds-core": "^1.3.5-alpha.0",
        "classnames": "^2.2.6",
        "prop-types": "^15.7.2"
      }
    },
    "@nice-digital/nds-checkbox": {
      "version": "1.3.7-alpha.0",
      "resolved": "https://registry.npmjs.org/@nice-digital/nds-checkbox/-/nds-checkbox-1.3.7-alpha.0.tgz",
      "integrity": "sha512-XDwjirqwfN7i0bhv9pf2Anm/gwuPD3Pm8bmhSSJYdMo15eJOw7YWW3718raN+5ekKbBI8mjJe060Q1aa4x2CqA==",
      "requires": {
        "@nice-digital/nds-core": "^1.3.5-alpha.0",
        "classnames": "^2.2.6",
        "prop-types": "^15.7.2"
      }
    },
    "@nice-digital/nds-column-list": {
      "version": "1.3.5-alpha.0",
      "resolved": "https://registry.npmjs.org/@nice-digital/nds-column-list/-/nds-column-list-1.3.5-alpha.0.tgz",
      "integrity": "sha512-WWb0GcDw884uX/kH0/5w4lLUd3TXySytLx0W/3vjWhJjQBCJgBxAl8DOvwalgDSV/87E/UUgK9lJcLuPcrFNWg==",
      "requires": {
        "@nice-digital/nds-core": "^1.3.5-alpha.0",
        "prop-types": "^15.8.1"
      }
    },
    "@nice-digital/nds-container": {
      "version": "1.0.15-alpha.0",
      "resolved": "https://registry.npmjs.org/@nice-digital/nds-container/-/nds-container-1.0.15-alpha.0.tgz",
      "integrity": "sha512-wUdMdjLrMz2/5lstTxIEYFo/OAvq23xrGxyWF1KzYMXnh0UJxxKBFhoRxqhnTr3Wa5xCEeQ0q3V8pEs7m5KXcg==",
      "requires": {
        "@nice-digital/nds-core": "^1.3.5-alpha.0",
        "classnames": "^2.2.6",
        "prop-types": "^15.7.2"
      }
    },
    "@nice-digital/nds-core": {
      "version": "1.3.5-alpha.0",
      "resolved": "https://registry.npmjs.org/@nice-digital/nds-core/-/nds-core-1.3.5-alpha.0.tgz",
      "integrity": "sha512-n1xMy7fc0oDjwIDT9WQ+okReufqqCZq4w02GUgy6nbGQMkH3Zj/a7oD2KzooFN5xLQyWlFbSEXDgZcswEzCjaQ==",
      "requires": {
        "@nice-digital/icons": "^3.0.2-alpha.0",
        "prop-types": "^15.7.2",
        "sass-mq": "^6.0.0"
      }
    },
    "@nice-digital/nds-enhanced-pagination": {
      "version": "1.0.13-alpha.0",
      "resolved": "https://registry.npmjs.org/@nice-digital/nds-enhanced-pagination/-/nds-enhanced-pagination-1.0.13-alpha.0.tgz",
      "integrity": "sha512-6gdNRiLO7BlvRD3W5ooWUAoDSPc1BOL5398VNBuCZStKD3LC+qJZe+q9wbpVdoUlerUdt5b2B+0dfeBaPTpEQw==",
      "requires": {
        "@nice-digital/nds-core": "^1.3.5-alpha.0",
        "classnames": "^2.2.6",
        "prop-types": "^15.7.2"
      }
    },
    "@nice-digital/nds-filters": {
      "version": "2.0.3-alpha.0",
      "resolved": "https://registry.npmjs.org/@nice-digital/nds-filters/-/nds-filters-2.0.3-alpha.0.tgz",
      "integrity": "sha512-jdrnd202716L5/TnyllA7iwYAqcTC0+P94Dp/58DSdubOVrLJxkuG34/UXVdvnfzp29xNJxtywlID7cVtFxTdQ==",
      "requires": {
        "@nice-digital/icons": "^3.0.2-alpha.0",
        "@nice-digital/nds-button": "^1.2.19-alpha.0",
        "@nice-digital/nds-core": "^1.3.5-alpha.0",
        "@nice-digital/nds-input": "^1.2.23-alpha.0",
        "@nice-digital/nds-tag": "^1.2.19-alpha.0",
        "classnames": "^2.3.1",
        "prop-types": "^15.7.2"
      }
    },
    "@nice-digital/nds-form-group": {
      "version": "1.2.19-alpha.0",
      "resolved": "https://registry.npmjs.org/@nice-digital/nds-form-group/-/nds-form-group-1.2.19-alpha.0.tgz",
      "integrity": "sha512-EJ1PsoDzo9K0VJnrV7mmGOIi/cnQJ1D38PiJ1PzDN0k8dxv5ygdquy2/SApSNr+4qQPIidssBbNIigt1v38m0A==",
      "requires": {
        "@nice-digital/nds-core": "^1.3.5-alpha.0",
        "@nice-digital/nds-forms": "^1.2.7-alpha.0",
        "classnames": "^2.2.6",
        "prop-types": "^15.7.2"
      }
    },
    "@nice-digital/nds-forms": {
      "version": "1.2.7-alpha.0",
      "resolved": "https://registry.npmjs.org/@nice-digital/nds-forms/-/nds-forms-1.2.7-alpha.0.tgz",
      "integrity": "sha512-HlPfv6B0EtNMn/S5z33yGeQhzEc3gW3oLGzKoPqBFhN03w0EU6ex8NKBtAuxdMVfMgj7RWdddOyVq+xu0SusFg==",
      "requires": {
        "@nice-digital/nds-input": "^1.2.23-alpha.0",
        "@nice-digital/nds-textarea": "^1.2.19-alpha.0"
      }
    },
    "@nice-digital/nds-full-bleed": {
      "version": "1.1.19-alpha.0",
      "resolved": "https://registry.npmjs.org/@nice-digital/nds-full-bleed/-/nds-full-bleed-1.1.19-alpha.0.tgz",
      "integrity": "sha512-VYZcQM+KocOy6AnRPWzp0sFVCLgEB8nn9vHbkoXNXYY8NPkw5GedVgCwUehascmCQgFnq1kyHnJGuadMdSK6Iw==",
      "requires": {
        "@nice-digital/nds-core": "^1.3.5-alpha.0",
        "classnames": "^2.2.6",
        "prop-types": "^15.7.2"
      }
    },
    "@nice-digital/nds-grid": {
      "version": "1.2.20-alpha.0",
      "resolved": "https://registry.npmjs.org/@nice-digital/nds-grid/-/nds-grid-1.2.20-alpha.0.tgz",
      "integrity": "sha512-I3PlDguqrAsewHqvum4Z/aRAMBf1aoCKfsquyDbVvGfsmv3aNlmM762qYPbwDMutr8guC2z6+2DK+oFSQ2WvAQ==",
      "requires": {
        "@nice-digital/nds-core": "^1.3.5-alpha.0",
        "classnames": "^2.2.6",
        "prop-types": "^15.7.2"
      }
    },
    "@nice-digital/nds-hero": {
      "version": "1.2.20-alpha.0",
      "resolved": "https://registry.npmjs.org/@nice-digital/nds-hero/-/nds-hero-1.2.20-alpha.0.tgz",
      "integrity": "sha512-f/Cmg6gjm7xlO01nZGpF+LoMgjuInoN5uRsB2reizI0RIFb7r9XeeB0XKPUbjtE9710VS3eCxe7k+nuuk1sPrQ==",
      "requires": {
        "@nice-digital/nds-core": "^1.3.5-alpha.0",
        "classnames": "^2.3.1",
        "prop-types": "^15.7.2"
      }
    },
    "@nice-digital/nds-horizontal-nav": {
      "version": "1.1.19-alpha.0",
      "resolved": "https://registry.npmjs.org/@nice-digital/nds-horizontal-nav/-/nds-horizontal-nav-1.1.19-alpha.0.tgz",
      "integrity": "sha512-G1MMIJbxLnlmaFL/dRI+Qwt3Vw9RLBZWMQ/QXMyLSH3yjUNaLXd6uqwqpKBqDSpe5+X2UUDkxv+KxJsDn5I5LA==",
      "requires": {
        "@nice-digital/nds-core": "^1.3.5-alpha.0",
        "classnames": "^2.2.6",
        "prop-types": "^15.7.2"
      }
    },
    "@nice-digital/nds-in-page-nav": {
      "version": "1.2.23-alpha.0",
      "resolved": "https://registry.npmjs.org/@nice-digital/nds-in-page-nav/-/nds-in-page-nav-1.2.23-alpha.0.tgz",
      "integrity": "sha512-qcR+QgMJf+ekWLFtFfTaTsy+y5hZ4VW/cMk2bfv46pZqfQQpqUjtIA/4nYibAH092YGdQNLbUEM/Ryz+yBTqIQ==",
      "requires": {
        "@nice-digital/nds-core": "^1.3.5-alpha.0",
        "lodash.throttle": "^4.1.1",
        "prop-types": "^15.7.2",
        "slugify": "1.4.7"
      }
    },
    "@nice-digital/nds-input": {
      "version": "1.2.23-alpha.0",
      "resolved": "https://registry.npmjs.org/@nice-digital/nds-input/-/nds-input-1.2.23-alpha.0.tgz",
      "integrity": "sha512-pHqaQ2PI8Mwg3jaS4XQdF65Fin8Gi8Sk2uo/6DVjST8aWK5aeqqSPHtctl4x/siL71lqmeH/Te5aRVtBvV9TSA==",
      "requires": {
        "@nice-digital/nds-core": "^1.3.5-alpha.0",
        "classnames": "^2.2.6",
        "prop-types": "^15.7.2"
      }
    },
    "@nice-digital/nds-maintain-ratio": {
      "version": "1.2.20-alpha.0",
      "resolved": "https://registry.npmjs.org/@nice-digital/nds-maintain-ratio/-/nds-maintain-ratio-1.2.20-alpha.0.tgz",
      "integrity": "sha512-/45UMSjsVU3s9sc8BVvKdv7fd1/vDJTz5ib2ZkLKlrK/OmByE3aOalMoVbCBKBT5OG7UecBa2daiHY3rXzondQ==",
      "requires": {
        "@nice-digital/nds-core": "^1.3.5-alpha.0",
        "classnames": "^2.3.1",
        "prop-types": "^15.7.2"
      }
    },
    "@nice-digital/nds-page-header": {
      "version": "1.2.21-alpha.0",
      "resolved": "https://registry.npmjs.org/@nice-digital/nds-page-header/-/nds-page-header-1.2.21-alpha.0.tgz",
      "integrity": "sha512-KyGbJy3wV3/WrIUc37e3oQvATgmlOJyqVQZ3I7+CSttXWM+QqSmbXZOUR8P2fzcVLRim5GLppT3wsZuKSMzTZA==",
      "requires": {
        "@nice-digital/nds-core": "^1.3.5-alpha.0",
        "prop-types": "^15.7.2"
      }
    },
    "@nice-digital/nds-panel": {
      "version": "1.2.21-alpha.0",
      "resolved": "https://registry.npmjs.org/@nice-digital/nds-panel/-/nds-panel-1.2.21-alpha.0.tgz",
      "integrity": "sha512-xW7+0jwbBqus0+sJuJzHKcfsDBnq5cLEXX4aBT/2RmCfIdD2us0hg//mOmS9Dxa36ev6xOrnCYjdW7YD7QFsMg==",
      "requires": {
        "@nice-digital/nds-core": "^1.3.5-alpha.0",
        "classnames": "^2.2.6",
        "prop-types": "^15.7.2"
      }
    },
    "@nice-digital/nds-phase-banner": {
      "version": "1.2.20-alpha.0",
      "resolved": "https://registry.npmjs.org/@nice-digital/nds-phase-banner/-/nds-phase-banner-1.2.20-alpha.0.tgz",
      "integrity": "sha512-kIn9aAbVcnnH8xj9QMAdPCBm01qlsmFcJHLHh74z30tO9AKHcy1jgWOhRZyXhbZGvfuq8UoG+KIto/zmyLvURw==",
      "requires": {
        "@nice-digital/nds-core": "^1.3.5-alpha.0",
        "@nice-digital/nds-tag": "^1.2.19-alpha.0",
        "classnames": "^2.3.1",
        "prop-types": "^15.7.2"
      }
    },
    "@nice-digital/nds-prev-next": {
      "version": "1.1.20-alpha.0",
      "resolved": "https://registry.npmjs.org/@nice-digital/nds-prev-next/-/nds-prev-next-1.1.20-alpha.0.tgz",
      "integrity": "sha512-8dobSCxZt7EthYpr3+iERKBDaApbdjO/6EF0WTbR7jaGLNQL16m9NiVigLBYvNObV8TSaSN6RuldurqaoXgYGg==",
      "requires": {
        "@nice-digital/nds-core": "^1.3.5-alpha.0",
        "classnames": "^2.2.6",
        "prop-types": "^15.7.2"
      }
    },
    "@nice-digital/nds-radio": {
      "version": "1.2.19-alpha.0",
      "resolved": "https://registry.npmjs.org/@nice-digital/nds-radio/-/nds-radio-1.2.19-alpha.0.tgz",
      "integrity": "sha512-5f6wMhxMUrhzeD750N5QzB6LTzcfhDXaVVrlq7+cCmg9lnS0xQpwEOIikXYkwTNB7t1VTSa5bkD3R9gyGRTRUQ==",
      "requires": {
        "@nice-digital/nds-core": "^1.3.5-alpha.0",
        "classnames": "^2.2.6",
        "prop-types": "^15.7.2"
      }
    },
    "@nice-digital/nds-simple-pagination": {
      "version": "1.2.19-alpha.0",
      "resolved": "https://registry.npmjs.org/@nice-digital/nds-simple-pagination/-/nds-simple-pagination-1.2.19-alpha.0.tgz",
      "integrity": "sha512-i/BNPRMaMEEu9PIZtUymNxAcNppXtqHtAlUs8YP97CK3BPXaTy029JEEf3asGeqFaeZkQMLCUvQ3qONIhTiW+w==",
      "requires": {
        "@nice-digital/nds-core": "^1.3.5-alpha.0",
        "classnames": "^2.2.6",
        "prop-types": "^15.7.2"
      }
    },
    "@nice-digital/nds-stacked-nav": {
      "version": "1.2.20-alpha.0",
      "resolved": "https://registry.npmjs.org/@nice-digital/nds-stacked-nav/-/nds-stacked-nav-1.2.20-alpha.0.tgz",
      "integrity": "sha512-WumwnmA2FkeUJ3x/JdDb/rNykboUsNhtPKXQdhAsFoYvHuH6Mi+4X1OHbDfbq36AmpitUHpGGclswTX5YqtXtg==",
      "requires": {
        "@nice-digital/nds-core": "^1.3.5-alpha.0",
        "classnames": "^2.2.6",
        "prop-types": "^15.7.2"
      }
    },
    "@nice-digital/nds-table": {
      "version": "1.1.22-alpha.0",
      "resolved": "https://registry.npmjs.org/@nice-digital/nds-table/-/nds-table-1.1.22-alpha.0.tgz",
      "integrity": "sha512-yBGXbJDVuJTtM81uOAOtU0imzcfhE8N0wpdm0fTkOYd5d2CbiLP8zFsbuZ9/Nw63/wXAsImV/VBk6Nmk4c36rQ==",
      "requires": {
        "@nice-digital/nds-core": "^1.3.5-alpha.0",
        "classnames": "^2.3.1",
        "prop-types": "^15.7.2"
      }
    },
    "@nice-digital/nds-tabs": {
      "version": "1.2.24-alpha.0",
      "resolved": "https://registry.npmjs.org/@nice-digital/nds-tabs/-/nds-tabs-1.2.24-alpha.0.tgz",
      "integrity": "sha512-DKWYg9olf4IeZHS/THJXx5w/KesAvA1S7Y1rdm1TSLOSv3sKwRMVEpqFrzUbzT0og1ClR44ZclDHOq+ko6ehwA==",
      "requires": {
        "@nice-digital/nds-core": "^1.3.5-alpha.0",
        "classnames": "^2.3.1",
        "prop-types": "^15.7.2"
      }
    },
    "@nice-digital/nds-tag": {
      "version": "1.2.19-alpha.0",
      "resolved": "https://registry.npmjs.org/@nice-digital/nds-tag/-/nds-tag-1.2.19-alpha.0.tgz",
      "integrity": "sha512-A6sz6Zv/tKjQnsD7O8Ul2zje3sJRFME7ttm/o1D1bqo+JjnP6LN6AHFbt0gla4v6Dr4PUbpiWVxzyEKSJtGAeA==",
      "requires": {
        "@nice-digital/nds-core": "^1.3.5-alpha.0",
        "classnames": "^2.2.6",
        "prop-types": "^15.7.2"
      }
    },
    "@nice-digital/nds-textarea": {
      "version": "1.2.19-alpha.0",
      "resolved": "https://registry.npmjs.org/@nice-digital/nds-textarea/-/nds-textarea-1.2.19-alpha.0.tgz",
      "integrity": "sha512-3v1AXutV/+7PTc8PRwqWR1BZsZN/YRaY3+P8tn1HKptO8dotZvj8NSNRj65G53IjLgpgAAE60W34AU63YjQOuQ==",
      "requires": {
        "@nice-digital/nds-core": "^1.3.5-alpha.0",
        "classnames": "^2.2.6",
        "prop-types": "^15.7.2"
      }
    },
    "@use-it/event-listener": {
      "version": "0.1.7",
      "resolved": "https://registry.npmjs.org/@use-it/event-listener/-/event-listener-0.1.7.tgz",
      "integrity": "sha512-hgfExDzUU9uTRTPDCpw2s9jWTxcxmpJya3fK5ADpf5VDpSy8WYwY/kh28XE0tUcbsljeP8wfan48QvAQTSSa3Q=="
    },
    "accessible-autocomplete": {
      "version": "2.0.4",
      "resolved": "https://registry.npmjs.org/accessible-autocomplete/-/accessible-autocomplete-2.0.4.tgz",
      "integrity": "sha512-2p0txrSpvs5wXFUeQJHMheDPTZVSEmiUHWlEPb7vJnv2Dd1xPfoLnBQQMfNbTSit2pL/9sSQYESuD2Yyohd4Yw==",
      "requires": {
        "preact": "^8.3.1"
      }
    },
    "classnames": {
      "version": "2.3.1",
      "resolved": "https://registry.npmjs.org/classnames/-/classnames-2.3.1.tgz",
      "integrity": "sha512-OlQdbZ7gLfGarSqxesMesDa5uz7KFbID8Kpq/SxIoNGDqY8lSYs0D+hhtBXhcdB3rcbXArFr7vlHheLk1voeNA=="
    },
    "es5-polyfill": {
      "version": "0.0.6",
      "resolved": "https://registry.npmjs.org/es5-polyfill/-/es5-polyfill-0.0.6.tgz",
      "integrity": "sha512-u6Een5n6esxwlMVBsF6qUkgp5Mj5VSA9D7Qs0GfC3ey412FGmQNFhjjuTMbzgepKZSHDKisr24A9t/GOwHC7/g=="
    },
    "focus-trap": {
      "version": "6.7.3",
      "resolved": "https://registry.npmjs.org/focus-trap/-/focus-trap-6.7.3.tgz",
      "integrity": "sha512-8xCEKndV4KrseGhFKKKmczVA14yx1/hnmFICPOjcFjToxCJYj/NHH43tPc3YE/PLnLRNZoFug0EcWkGQde/miQ==",
      "requires": {
        "tabbable": "^5.2.1"
      }
    },
    "focus-trap-react": {
      "version": "8.9.2",
      "resolved": "https://registry.npmjs.org/focus-trap-react/-/focus-trap-react-8.9.2.tgz",
      "integrity": "sha512-m6TQQHLcqkisc6Qq92q1yYzzOaxo34Szh5FQOXzky7028PXFEhuUxScTbT7EG9qL0QG7B+oR2ZbxyU0lK4kIwQ==",
      "requires": {
        "focus-trap": "^6.7.3"
      }
    },
    "js-cookie": {
      "version": "2.2.1",
      "resolved": "https://registry.npmjs.org/js-cookie/-/js-cookie-2.2.1.tgz",
      "integrity": "sha512-HvdH2LzI/EAZcUwA8+0nKNtWHqS+ZmijLA30RwZA0bo7ToCckjK5MkGhjED9KoRcXO6BaGI3I9UIzSA1FKFPOQ=="
    },
    "js-tokens": {
      "version": "4.0.0",
      "resolved": "https://registry.npmjs.org/js-tokens/-/js-tokens-4.0.0.tgz",
      "integrity": "sha512-RdJUflcE3cUzKiMqQgsCu06FPu9UdIJO0beYbPhHN4k6apgJtifcoCtT9bcxOpYBtpD2kCM6Sbzg4CausW/PKQ=="
    },
    "lodash.throttle": {
      "version": "4.1.1",
      "resolved": "https://registry.npmjs.org/lodash.throttle/-/lodash.throttle-4.1.1.tgz",
      "integrity": "sha512-wIkUCfVKpVsWo3JSZlc+8MB5it+2AN5W8J7YVMST30UrvcQNZ1Okbj+rbVniijTWE6FGYy4XJq/rHkas8qJMLQ=="
    },
    "loose-envify": {
      "version": "1.4.0",
      "resolved": "https://registry.npmjs.org/loose-envify/-/loose-envify-1.4.0.tgz",
      "integrity": "sha512-lyuxPGr/Wfhrlem2CL/UcnUc1zcqKAImBDzukY7Y5F/yQiNdko6+fRLevlw1HgMySw7f611UIY408EtxRSoK3Q==",
      "requires": {
        "js-tokens": "^3.0.0 || ^4.0.0"
      }
    },
    "normalize.css": {
      "version": "8.0.1",
      "resolved": "https://registry.npmjs.org/normalize.css/-/normalize.css-8.0.1.tgz",
      "integrity": "sha512-qizSNPO93t1YUuUhP22btGOo3chcvDFqFaj2TRybP0DMxkHOCTYwp3n34fel4a31ORXy4m1Xq0Gyqpb5m33qIg=="
    },
    "object-assign": {
      "version": "4.1.1",
      "resolved": "https://registry.npmjs.org/object-assign/-/object-assign-4.1.1.tgz",
      "integrity": "sha1-IQmtx5ZYh8/AXLvUQsrIv7s2CGM="
    },
    "preact": {
      "version": "8.5.3",
      "resolved": "https://registry.npmjs.org/preact/-/preact-8.5.3.tgz",
      "integrity": "sha512-O3kKP+1YdgqHOFsZF2a9JVdtqD+RPzCQc3rP+Ualf7V6rmRDchZ9MJbiGTT7LuyqFKZqlHSOyO/oMFmI2lVTsw=="
    },
    "prop-types": {
      "version": "15.8.1",
      "resolved": "https://registry.npmjs.org/prop-types/-/prop-types-15.8.1.tgz",
      "integrity": "sha512-oj87CgZICdulUohogVAR7AjlC0327U4el4L6eAvOqCeudMDVU0NThNaV+b9Df4dXgSP1gXMTnPdhfe/2qDH5cg==",
      "requires": {
        "loose-envify": "^1.4.0",
        "object-assign": "^4.1.1",
        "react-is": "^16.13.1"
      }
    },
    "react-is": {
      "version": "16.13.1",
      "resolved": "https://registry.npmjs.org/react-is/-/react-is-16.13.1.tgz",
      "integrity": "sha512-24e6ynE2H+OKt4kqsOvNd8kBpV65zoxbA4BVsEOB3ARVWQki/DHzaUoC5KuON/BiccDaCCTZBuOcfZs70kR8bQ=="
    },
    "regenerator-runtime": {
      "version": "0.13.9",
      "resolved": "https://registry.npmjs.org/regenerator-runtime/-/regenerator-runtime-0.13.9.tgz",
      "integrity": "sha512-p3VT+cOEgxFsRRA9X4lkI1E+k2/CtnKtU4gcxyaCUreilL/vqI6CdZ3wxVUx3UOUg+gnUOQQcRI7BmSI656MYA=="
    },
    "sass-mq": {
      "version": "6.0.0",
      "resolved": "https://registry.npmjs.org/sass-mq/-/sass-mq-6.0.0.tgz",
      "integrity": "sha512-h4VicIy8lszFlqqggqLIFGt/9wS5fHLPoTXHRjC8Vw6UsA4s4JtDvEeypXbbECfgY336mXyc/cdpbRacH0UzGA=="
    },
    "slugify": {
      "version": "1.4.7",
      "resolved": "https://registry.npmjs.org/slugify/-/slugify-1.4.7.tgz",
      "integrity": "sha512-tf+h5W1IrjNm/9rKKj0JU2MDMruiopx0jjVA5zCdBtcGjfp0+c5rHw/zADLC3IeKlGHtVbHtpfzvYA0OYT+HKg=="
    },
    "tabbable": {
      "version": "5.2.1",
      "resolved": "https://registry.npmjs.org/tabbable/-/tabbable-5.2.1.tgz",
      "integrity": "sha512-40pEZ2mhjaZzK0BnI+QGNjJO8UYx9pP5v7BGe17SORTO0OEuuaAwQTkAp8whcZvqon44wKFOikD+Al11K3JICQ=="
    },
    "unfetch": {
      "version": "4.2.0",
      "resolved": "https://registry.npmjs.org/unfetch/-/unfetch-4.2.0.tgz",
      "integrity": "sha512-F9p7yYCn6cIW9El1zi0HI6vqpeIvBsr3dSuRO6Xuppb1u5rXpCPmMvLSyECLhybr9isec8Ohl0hPekMVrEinDA=="
    }
  }
}
